{
    "name": "@iota/kerl",
    "version": "1.0.0-beta.15",
    "lockfileVersion": 1,
    "requires": true,
    "dependencies": {
        "@types/crypto-js": {
            "version": "3.1.41",
            "resolved": "https://registry.npmjs.org/@types/crypto-js/-/crypto-js-3.1.41.tgz",
            "integrity": "sha512-rIqkxKg9x7o8wFjeOTbkfqWd5hgyHhwqude+epWlF4N0PU5UYfSo6xyC50CgB+bk44zcNYXb4W1CQbDtcI9U5w=="
        },
        "core-js": {
            "version": "3.1.4",
            "resolved": "https://registry.npmjs.org/core-js/-/core-js-3.1.4.tgz",
            "integrity": "sha512-YNZN8lt82XIMLnLirj9MhKDFZHalwzzrL9YLt6eb0T5D0EDl4IQ90IGkua8mHbnxNrkj1d8hbdizMc0Qmg1WnQ=="
        },
        "crypto-js": {
            "version": "3.1.9-1",
            "resolved": "https://registry.npmjs.org/crypto-js/-/crypto-js-3.1.9-1.tgz",
            "integrity": "sha1-/aGedh/Ad+Af+/3G6f38WeiAbNg="
        }
    }
}
