{
    "requires": true,
    "lockfileVersion": 1,
    "dependencies": {
        "@types/crypto-js": {
            "version": "3.1.41",
            "resolved": "https://registry.npmjs.org/@types/crypto-js/-/crypto-js-3.1.41.tgz",
            "integrity": "sha512-rIqkxKg9x7o8wFjeOTbkfqWd5hgyHhwqude+epWlF4N0PU5UYfSo6xyC50CgB+bk44zcNYXb4W1CQbDtcI9U5w=="
        },
        "crypto-js": {
            "version": "3.1.9-1",
            "resolved": "https://registry.npmjs.org/crypto-js/-/crypto-js-3.1.9-1.tgz",
            "integrity": "sha1-/aGedh/Ad+Af+/3G6f38WeiAbNg="
        }
    }
}
