{
    "name": "address",
    "version": "1.0.0",
    "lockfileVersion": 2,
    "requires": true,
    "packages": {
        "": {
            "name": "address",
            "version": "1.0.0",
            "dependencies": {
                "@iota/crypto.js": "file:../../packages/crypto",
                "@iota/iota.js": "file:../../packages/iota",
                "@iota/util.js": "file:../../packages/util",
                "typescript": "^4.4.3"
            }
        },
        "../../packages/crypto": {},
        "../../packages/iota": {},
        "../../packages/util": {},
        "node_modules/@iota/crypto.js": {
            "resolved": "../../packages/crypto",
            "link": true
        },
        "node_modules/@iota/iota.js": {
            "resolved": "../../packages/iota",
            "link": true
        },
        "node_modules/@iota/util.js": {
            "resolved": "../../packages/util",
            "link": true
        },
        "node_modules/typescript": {
            "version": "4.4.3",
            "resolved": "https://registry.npmjs.org/typescript/-/typescript-4.4.3.tgz",
            "integrity": "sha512-4xfscpisVgqqDfPaJo5vkd+Qd/ItkoagnHpufr+i2QCHBsNYp+G7UAoyFl8aPtx879u38wPV65rZ8qbGZijalA==",
            "bin": {
                "tsc": "bin/tsc",
                "tsserver": "bin/tsserver"
            },
            "engines": {
                "node": ">=4.2.0"
            }
        }
    },
    "dependencies": {
        "@iota/crypto.js": {
            "version": "file:../../packages/crypto"
        },
        "@iota/iota.js": {
            "version": "file:../../packages/iota"
        },
        "@iota/util.js": {
            "version": "file:../../packages/util"
        },
        "typescript": {
            "version": "4.4.3",
            "resolved": "https://registry.npmjs.org/typescript/-/typescript-4.4.3.tgz",
            "integrity": "sha512-4xfscpisVgqqDfPaJo5vkd+Qd/ItkoagnHpufr+i2QCHBsNYp+G7UAoyFl8aPtx879u38wPV65rZ8qbGZijalA=="
        }
    }
}
