{
    "name": "@iota/multisig",
    "version": "1.0.0-beta.30",
    "lockfileVersion": 1,
    "requires": true,
    "dependencies": {
        "@iota/bundle": {
            "version": "1.0.0-beta.30",
            "resolved": "https://registry.npmjs.org/@iota/bundle/-/bundle-1.0.0-beta.30.tgz",
            "integrity": "sha512-JIPaSHCqfJa2Oq5zD19ie2CYAitNXp4DJcV9oJU/yDVJoKqlLs9BCdNgf/fAI4ZViFkKx3L4F+z0R6G/vO7Kcw==",
            "requires": {
                "@iota/converter": "^1.0.0-beta.30",
                "@iota/kerl": "^1.0.0-beta.30",
                "@iota/signing": "^1.0.0-beta.30",
                "@iota/transaction": "^1.0.0-beta.30",
                "@types/warning": "^3.0.0",
                "warning": "^4.0.3"
            }
        },
        "@iota/bundle-validator": {
            "version": "1.0.0-beta.30",
            "resolved": "https://registry.npmjs.org/@iota/bundle-validator/-/bundle-validator-1.0.0-beta.30.tgz",
            "integrity": "sha512-LYMms75LCZZ8yTIL1ApQrpuwzD4VfFeTOJVICyjObClIbAL0QGraq0HgdeJiaYjvRqNKrdi9JYM3QdZJvGcsAw==",
            "requires": {
                "@iota/converter": "^1.0.0-beta.30",
                "@iota/kerl": "^1.0.0-beta.30",
                "@iota/signing": "^1.0.0-beta.30",
                "@iota/transaction": "^1.0.0-beta.30",
                "@iota/transaction-converter": "^1.0.0-beta.30"
            }
        },
        "@iota/checksum": {
            "version": "1.0.0-beta.30",
            "resolved": "https://registry.npmjs.org/@iota/checksum/-/checksum-1.0.0-beta.30.tgz",
            "integrity": "sha512-oNCtmJjb152J/+Y5ddF+iBo0S0L7hDHZZHTRXovvcJeRniAZ6IF45Ko0qo/6SiNUEhUaQeJ/oj+kMdkfTdQ51A==",
            "requires": {
                "@iota/converter": "^1.0.0-beta.30",
                "@iota/kerl": "^1.0.0-beta.30"
            }
        },
        "@iota/converter": {
            "version": "1.0.0-beta.30",
            "resolved": "https://registry.npmjs.org/@iota/converter/-/converter-1.0.0-beta.30.tgz",
            "integrity": "sha512-DxyTXatWZiVb2EKN1JVdaZs1zg8JUCHngk94hK2quV7JM3weemLOKd6OL8GQOJtjjoGIWBIZFpKpYZd2gaIBmg==",
            "requires": {
                "core-js": "^3.1.4"
            }
        },
        "@iota/core": {
            "version": "1.0.0-beta.30",
            "resolved": "https://registry.npmjs.org/@iota/core/-/core-1.0.0-beta.30.tgz",
            "integrity": "sha512-BYnQnTY2lOAOz4LEPT2jDKb9z25EeU0lUVE4vO6mV+rcVlkn8NDUkOvJpEi9XWdPySx6MqtcSiVMvGcAAGh4Tw==",
            "requires": {
                "@iota/bundle": "^1.0.0-beta.30",
                "@iota/bundle-validator": "^1.0.0-beta.30",
                "@iota/checksum": "^1.0.0-beta.30",
                "@iota/converter": "^1.0.0-beta.30",
                "@iota/curl": "^1.0.0-beta.19",
                "@iota/http-client": "^1.0.0-beta.30",
                "@iota/kerl": "^1.0.0-beta.30",
                "@iota/pad": "^1.0.0-beta.30",
                "@iota/signing": "^1.0.0-beta.30",
                "@iota/transaction": "^1.0.0-beta.30",
                "@iota/transaction-converter": "^1.0.0-beta.30",
                "bluebird": "^3.5.5"
            }
        },
        "@iota/curl": {
            "version": "1.0.0-beta.19",
            "resolved": "https://registry.npmjs.org/@iota/curl/-/curl-1.0.0-beta.19.tgz",
            "integrity": "sha512-bUr6VW8lP1XYhAkzUacc8U28qO2Ibdl6R5CSF7N34GgjO2sEkn4DnlzL1VU8cCv+8rfBlZ9qIvYGzklic49JJw=="
        },
        "@iota/http-client": {
            "version": "1.0.0-beta.30",
            "resolved": "https://registry.npmjs.org/@iota/http-client/-/http-client-1.0.0-beta.30.tgz",
            "integrity": "sha512-Dc4UnNmO5mgPi6pZOwgJ7wR9/ETJoSlU/C0HlSIdkzeuRchpRc70STG2pA8hfIfLnNQE2N8HzMvceSPntKlWZg==",
            "requires": {
                "bluebird": "^3.7.2",
                "cross-fetch": "^3.0.0",
                "url-parse": "^1.4.7"
            },
            "dependencies": {
                "bluebird": {
                    "version": "3.7.2",
                    "resolved": "https://registry.npmjs.org/bluebird/-/bluebird-3.7.2.tgz",
                    "integrity": "sha512-XpNj6GDQzdfW+r2Wnn7xiSAd7TM3jzkxGXBGTtWKuSXv1xUV+azxAm8jdWZN06QTQk+2N2XB9jRDkvbmQmcRtg=="
                }
            }
        },
        "@iota/kerl": {
            "version": "1.0.0-beta.30",
            "resolved": "https://registry.npmjs.org/@iota/kerl/-/kerl-1.0.0-beta.30.tgz",
            "integrity": "sha512-vVx7916Sb1fZWV9FmsFUUoxrgBbxeK4lc2Y0NYIw4OnU/Q6NsTu+GEXGNMArp97daU4UQhbceE7DNTj9HOICfQ==",
            "requires": {
                "@types/crypto-js": "^3.1.47",
                "crypto-js": "^4.0.0"
            }
        },
        "@iota/pad": {
            "version": "1.0.0-beta.30",
            "resolved": "https://registry.npmjs.org/@iota/pad/-/pad-1.0.0-beta.30.tgz",
            "integrity": "sha512-fnhPMPul18WunLq9Ni4rxzBFmhna6eaG8WroDg6GdQqSK/eN62uFHV8tpspJHXuCqwgCUVp6NpuUna7+B2OV9g=="
        },
        "@iota/signing": {
            "version": "1.0.0-beta.30",
            "resolved": "https://registry.npmjs.org/@iota/signing/-/signing-1.0.0-beta.30.tgz",
            "integrity": "sha512-VnOCBq8uAsMwQKv7VeYe2Yx2hTWxNp/lkNEqN6xgPsTII17elj0wjwR+b4euf48h3nIiGeCLWRK5a+k9r46o/g==",
            "requires": {
                "@iota/converter": "^1.0.0-beta.30",
                "@iota/kerl": "^1.0.0-beta.30",
                "@iota/pad": "^1.0.0-beta.30",
                "bluebird": "^3.7.2"
            },
            "dependencies": {
                "bluebird": {
                    "version": "3.7.2",
                    "resolved": "https://registry.npmjs.org/bluebird/-/bluebird-3.7.2.tgz",
                    "integrity": "sha512-XpNj6GDQzdfW+r2Wnn7xiSAd7TM3jzkxGXBGTtWKuSXv1xUV+azxAm8jdWZN06QTQk+2N2XB9jRDkvbmQmcRtg=="
                }
            }
        },
        "@iota/transaction": {
            "version": "1.0.0-beta.30",
            "resolved": "https://registry.npmjs.org/@iota/transaction/-/transaction-1.0.0-beta.30.tgz",
            "integrity": "sha512-Y84Jaba9lXMbi/yDJSIgKE8gyY0P63ILACjiPqoPOrHnOQQ9Hs0ewh55/lhat0kZODDGWsaEzKrN4CawOICofg==",
            "requires": {
                "@iota/converter": "^1.0.0-beta.30",
                "@iota/curl": "^1.0.0-beta.19",
                "@iota/kerl": "^1.0.0-beta.30",
                "@iota/signing": "^1.0.0-beta.30",
                "@types/warning": "^3.0.0",
                "warning": "^4.0.3"
            }
        },
        "@iota/transaction-converter": {
            "version": "1.0.0-beta.30",
            "resolved": "https://registry.npmjs.org/@iota/transaction-converter/-/transaction-converter-1.0.0-beta.30.tgz",
            "integrity": "sha512-V27JhRRuJLR8h2XgQBNRC0i3YMU2VVKXwXoB4vxofEdjb0zrXk3Wya7en7PFJUrhtG2edmFXELTaGrN2zw372Q==",
            "requires": {
                "@iota/converter": "^1.0.0-beta.30",
                "@iota/pad": "^1.0.0-beta.30",
                "@iota/transaction": "^1.0.0-beta.30"
            }
        },
        "@types/bluebird": {
            "version": "3.5.32",
            "resolved": "https://registry.npmjs.org/@types/bluebird/-/bluebird-3.5.32.tgz",
            "integrity": "sha512-dIOxFfI0C+jz89g6lQ+TqhGgPQ0MxSnh/E4xuC0blhFtyW269+mPG5QeLgbdwst/LvdP8o1y0o/Gz5EHXLec/g=="
        },
        "@types/crypto-js": {
            "version": "3.1.47",
            "resolved": "https://registry.npmjs.org/@types/crypto-js/-/crypto-js-3.1.47.tgz",
            "integrity": "sha512-eI6gvpcGHLk3dAuHYnRCAjX+41gMv1nz/VP55wAe5HtmAKDOoPSfr3f6vkMc08ov1S0NsjvUBxDtHHxqQY1LGA=="
        },
        "@types/warning": {
            "version": "3.0.0",
            "resolved": "https://registry.npmjs.org/@types/warning/-/warning-3.0.0.tgz",
            "integrity": "sha1-DSUBJorY+ZYrdA04fEZU9fjiPlI="
        },
        "bluebird": {
            "version": "3.5.5",
            "resolved": "https://registry.npmjs.org/bluebird/-/bluebird-3.5.5.tgz",
            "integrity": "sha512-5am6HnnfN+urzt4yfg7IgTbotDjIT/u8AJpEt0sIU9FtXfVeezXAPKswrG+xKUCOYAINpSdgZVDU6QFh+cuH3w=="
        },
        "core-js": {
            "version": "3.6.5",
            "resolved": "https://registry.npmjs.org/core-js/-/core-js-3.6.5.tgz",
            "integrity": "sha512-vZVEEwZoIsI+vPEuoF9Iqf5H7/M3eeQqWlQnYa8FSKKePuYTf5MWnxb5SDAzCa60b3JBRS5g9b+Dq7b1y/RCrA=="
        },
        "cross-fetch": {
            "version": "3.0.6",
            "resolved": "https://registry.npmjs.org/cross-fetch/-/cross-fetch-3.0.6.tgz",
            "integrity": "sha512-KBPUbqgFjzWlVcURG+Svp9TlhA5uliYtiNx/0r8nv0pdypeQCRJ9IaSIc3q/x3q8t3F75cHuwxVql1HFGHCNJQ==",
            "requires": {
                "node-fetch": "2.6.1"
            }
        },
        "crypto-js": {
            "version": "4.0.0",
            "resolved": "https://registry.npmjs.org/crypto-js/-/crypto-js-4.0.0.tgz",
            "integrity": "sha512-bzHZN8Pn+gS7DQA6n+iUmBfl0hO5DJq++QP3U6uTucDtk/0iGpXd/Gg7CGR0p8tJhofJyaKoWBuJI4eAO00BBg=="
        },
        "isomorphic-fetch": {
            "version": "3.0.0",
            "resolved": "https://registry.npmjs.org/isomorphic-fetch/-/isomorphic-fetch-3.0.0.tgz",
            "integrity": "sha512-qvUtwJ3j6qwsF3jLxkZ72qCgjMysPzDfeV240JHiGZsANBYd+EEuu35v7dfrJ9Up0Ak07D7GGSkGhCHTqg/5wA==",
            "requires": {
                "node-fetch": "^2.6.1",
                "whatwg-fetch": "^3.4.1"
            }
        },
        "js-tokens": {
            "version": "4.0.0",
            "resolved": "https://registry.npmjs.org/js-tokens/-/js-tokens-4.0.0.tgz",
            "integrity": "sha512-RdJUflcE3cUzKiMqQgsCu06FPu9UdIJO0beYbPhHN4k6apgJtifcoCtT9bcxOpYBtpD2kCM6Sbzg4CausW/PKQ=="
        },
        "loose-envify": {
            "version": "1.4.0",
            "resolved": "https://registry.npmjs.org/loose-envify/-/loose-envify-1.4.0.tgz",
            "integrity": "sha512-lyuxPGr/Wfhrlem2CL/UcnUc1zcqKAImBDzukY7Y5F/yQiNdko6+fRLevlw1HgMySw7f611UIY408EtxRSoK3Q==",
            "requires": {
                "js-tokens": "^3.0.0 || ^4.0.0"
            }
        },
        "node-fetch": {
            "version": "2.6.1",
            "resolved": "https://registry.npmjs.org/node-fetch/-/node-fetch-2.6.1.tgz",
            "integrity": "sha512-V4aYg89jEoVRxRb2fJdAg8FHvI7cEyYdVAh94HH0UIK8oJxUfkjlDQN9RbMx+bEjP7+ggMiFRprSti032Oipxw=="
        },
        "querystringify": {
            "version": "2.2.0",
            "resolved": "https://registry.npmjs.org/querystringify/-/querystringify-2.2.0.tgz",
            "integrity": "sha512-FIqgj2EUvTa7R50u0rGsyTftzjYmv/a3hO345bZNrqabNqjtgiDMgmo4mkUjd+nzU5oF3dClKqFIPUKybUyqoQ=="
        },
        "requires-port": {
            "version": "1.0.0",
            "resolved": "https://registry.npmjs.org/requires-port/-/requires-port-1.0.0.tgz",
            "integrity": "sha1-kl0mAdOaxIXgkc8NpcbmlNw9yv8="
        },
        "url-parse": {
            "version": "1.4.7",
            "resolved": "https://registry.npmjs.org/url-parse/-/url-parse-1.4.7.tgz",
            "integrity": "sha512-d3uaVyzDB9tQoSXFvuSUNFibTd9zxd2bkVrDRvF5TmvWWQwqE4lgYJ5m+x1DbecWkw+LK4RNl2CU1hHuOKPVlg==",
            "requires": {
                "querystringify": "^2.1.1",
                "requires-port": "^1.0.0"
            }
        },
        "warning": {
            "version": "4.0.3",
            "resolved": "https://registry.npmjs.org/warning/-/warning-4.0.3.tgz",
            "integrity": "sha512-rpJyN222KWIvHJ/F53XSZv0Zl/accqHR8et1kpaMTD/fLCRxtV8iX8czMzY7sVZupTI3zcUTg8eycS2kNF9l6w==",
            "requires": {
                "loose-envify": "^1.0.0"
            }
        },
        "whatwg-fetch": {
            "version": "3.4.1",
            "resolved": "https://registry.npmjs.org/whatwg-fetch/-/whatwg-fetch-3.4.1.tgz",
            "integrity": "sha512-sofZVzE1wKwO+EYPbWfiwzaKovWiZXf4coEzjGP9b2GBVgQRLQUZ2QcuPpQExGDAW5GItpEm6Tl4OU5mywnAoQ=="
        }
    }
}
