{
    "name": "@iota/multisig",
    "version": "1.0.0-beta.12",
    "lockfileVersion": 1,
    "requires": true,
    "dependencies": {
        "@iota/bundle": {
            "version": "1.0.0-beta.12",
            "resolved": "https://registry.npmjs.org/@iota/bundle/-/bundle-1.0.0-beta.12.tgz",
            "integrity": "sha512-Eb18nWzhXB4chq6Nuaz23xP72F65MlDKpgt6KiZ5Lhkfn6P19UYjfC4FXY3K0Cigij2fC1cX+tdefQprCW/TEw==",
            "requires": {
                "@iota/converter": "^1.0.0-beta.12",
                "@iota/kerl": "^1.0.0-beta.12",
                "@iota/signing": "^1.0.0-beta.12",
                "@iota/transaction": "^1.0.0-beta.12",
                "@types/warning": "^3.0.0",
                "warning": "^4.0.3"
            }
        },
        "@iota/bundle-validator": {
            "version": "1.0.0-beta.12",
            "resolved": "https://registry.npmjs.org/@iota/bundle-validator/-/bundle-validator-1.0.0-beta.12.tgz",
            "integrity": "sha512-Kd48tjQ2UlFTAIkP+u6G0tVwM5RFjdGjx7Fvu3PwC9eINVJHYGEb4sX7N85PIkIwowwZfN5mcmzL3G6dkGJmoA==",
            "requires": {
                "@iota/converter": "^1.0.0-beta.12",
                "@iota/kerl": "^1.0.0-beta.12",
                "@iota/signing": "^1.0.0-beta.12",
                "@iota/transaction": "^1.0.0-beta.12",
                "@iota/transaction-converter": "^1.0.0-beta.12"
            }
        },
        "@iota/checksum": {
            "version": "1.0.0-beta.12",
            "resolved": "https://registry.npmjs.org/@iota/checksum/-/checksum-1.0.0-beta.12.tgz",
            "integrity": "sha512-K2Q3bw4P7HJkPxeNjpulCsq/d3c9w2g+wbwYJxi51a18pnlPpd5AyBam9xfNXo8m/S47mmPuctraexgm+Q0Y1A==",
            "requires": {
                "@iota/converter": "^1.0.0-beta.12",
                "@iota/kerl": "^1.0.0-beta.12"
            }
        },
        "@iota/converter": {
            "version": "1.0.0-beta.12",
            "resolved": "https://registry.npmjs.org/@iota/converter/-/converter-1.0.0-beta.12.tgz",
            "integrity": "sha512-h12Wk72/lCMHOFLE7B6TctMizhGcDQspaYIZlqwQTdij3mPynfTrlyAIJhJw26cf3sNER9sOwR6FgVgSpVYUnQ=="
        },
        "@iota/core": {
            "version": "1.0.0-beta.12",
            "resolved": "https://registry.npmjs.org/@iota/core/-/core-1.0.0-beta.12.tgz",
            "integrity": "sha512-OFJu0SaYrQP+PCFNWx9pvqL6jQwN+DIMt2h5vcEOSlJVIBDyEfDOOiFuMkBgTB7+jF9hDWpg1mtkTrEl9FmLKQ==",
            "requires": {
                "@iota/bundle": "^1.0.0-beta.12",
                "@iota/bundle-validator": "^1.0.0-beta.12",
                "@iota/checksum": "^1.0.0-beta.12",
                "@iota/converter": "^1.0.0-beta.12",
                "@iota/curl": "^1.0.0-beta.12",
                "@iota/http-client": "^1.0.0-beta.12",
                "@iota/kerl": "^1.0.0-beta.12",
                "@iota/pad": "^1.0.0-beta.12",
                "@iota/signing": "^1.0.0-beta.12",
                "@iota/transaction": "^1.0.0-beta.12",
                "@iota/transaction-converter": "^1.0.0-beta.12",
                "bluebird": "^3.5.1"
            }
        },
        "@iota/curl": {
            "version": "1.0.0-beta.12",
            "resolved": "https://registry.npmjs.org/@iota/curl/-/curl-1.0.0-beta.12.tgz",
            "integrity": "sha512-2O6CSBxo+GesW8V4MQobMzIzhmYmPOdhHTcB81cfb4iAXMXY3WlN1IdOjIWzCEkDAUdUX5cpfyjpYDasjxQELg=="
        },
        "@iota/http-client": {
            "version": "1.0.0-beta.12",
            "resolved": "https://registry.npmjs.org/@iota/http-client/-/http-client-1.0.0-beta.12.tgz",
            "integrity": "sha512-FBA23HqMFe/OSim+ouEkVNCPoVIb9sLt2ZtuzvICrrhHYIPiHyZC6QR1cBEmZuQjaY9fXzuBbH20CMpOhL+mtA==",
            "requires": {
                "cross-fetch": "^3.0.0"
            }
        },
        "@iota/kerl": {
            "version": "1.0.0-beta.12",
            "resolved": "https://registry.npmjs.org/@iota/kerl/-/kerl-1.0.0-beta.12.tgz",
            "integrity": "sha512-Af/MxEBvKfkSkrjr87pl4y6qBvHzMGZWTsddBLP3iYJXY+6NW9kHKzO0UEwS/07eiS1y3bKsjP+WFgrnHN8f6Q==",
            "requires": {
                "@types/crypto-js": "^3.1.38",
                "crypto-js": "^3.1.9-1"
            }
        },
        "@iota/pad": {
            "version": "1.0.0-beta.12",
            "resolved": "https://registry.npmjs.org/@iota/pad/-/pad-1.0.0-beta.12.tgz",
            "integrity": "sha512-7WdywCvv65kpSrfvAAmof+Q4Qp2hYYazwwdcox7cdEdp5GV2boqzoLogj8z1yWGKSLNjoWGtG3Ii7E94zBRaIQ=="
        },
        "@iota/signing": {
            "version": "1.0.0-beta.12",
            "resolved": "https://registry.npmjs.org/@iota/signing/-/signing-1.0.0-beta.12.tgz",
            "integrity": "sha512-PnT6gkTZQA7T7FuW4+SoUZuCoCTxRq8TRocaooe1JUu2Mj8xtQ/uJqRcWsxMo1qjFS6qkv6ZudJSyfvJfBKhmQ==",
            "requires": {
                "@iota/converter": "^1.0.0-beta.12",
                "@iota/kerl": "^1.0.0-beta.12",
                "@iota/pad": "^1.0.0-beta.12"
            }
        },
        "@iota/transaction": {
            "version": "1.0.0-beta.12",
            "resolved": "https://registry.npmjs.org/@iota/transaction/-/transaction-1.0.0-beta.12.tgz",
            "integrity": "sha512-l+zvo6gJUOk8t6L9HSsYNbeU5mOovR97BwGmhgVrPBs3Qfv58iSsEBrgpHkjJEvTd3GvLYl7V3FiLWpa1Hdcbw==",
            "requires": {
                "@iota/converter": "^1.0.0-beta.12",
                "@iota/curl": "^1.0.0-beta.12",
                "@iota/kerl": "^1.0.0-beta.12",
                "@iota/signing": "^1.0.0-beta.12",
                "@types/warning": "^3.0.0",
                "warning": "^4.0.3"
            }
        },
        "@iota/transaction-converter": {
            "version": "1.0.0-beta.12",
            "resolved": "https://registry.npmjs.org/@iota/transaction-converter/-/transaction-converter-1.0.0-beta.12.tgz",
            "integrity": "sha512-ePkcOmHuzyGwYmYa8+y6ro9sWS1ZRWtiu05odcEavE8vHgWNdHE9N1EaFH1yjjBltYmdZBlP2RFkoH/Hcl2YRQ==",
            "requires": {
                "@iota/converter": "^1.0.0-beta.12",
                "@iota/pad": "^1.0.0-beta.12",
                "@iota/transaction": "^1.0.0-beta.12"
            }
        },
        "@types/bluebird": {
            "version": "3.5.25",
            "resolved": "https://registry.npmjs.org/@types/bluebird/-/bluebird-3.5.25.tgz",
            "integrity": "sha512-yfhIBix+AIFTmYGtkC0Bi+XGjSkOINykqKvO/Wqdz/DuXlAKK7HmhLAXdPIGsV4xzKcL3ev/zYc4yLNo+OvGaw=="
        },
        "@types/crypto-js": {
            "version": "3.1.43",
            "resolved": "https://registry.npmjs.org/@types/crypto-js/-/crypto-js-3.1.43.tgz",
            "integrity": "sha512-EHe/YKctU3IYNBsDmSOPX/7jLHPRlx8WaiDKSY9JCTnJ8XJeM4c0ZJvx+9Gxmr2s2ihI92R+3U/gNL1sq5oRuQ=="
        },
        "@types/warning": {
            "version": "3.0.0",
            "resolved": "https://registry.npmjs.org/@types/warning/-/warning-3.0.0.tgz",
            "integrity": "sha1-DSUBJorY+ZYrdA04fEZU9fjiPlI="
        },
        "bluebird": {
            "version": "3.5.5",
            "resolved": "https://registry.npmjs.org/bluebird/-/bluebird-3.5.5.tgz",
            "integrity": "sha512-5am6HnnfN+urzt4yfg7IgTbotDjIT/u8AJpEt0sIU9FtXfVeezXAPKswrG+xKUCOYAINpSdgZVDU6QFh+cuH3w=="
        },
        "cross-fetch": {
            "version": "3.0.2",
            "resolved": "https://registry.npmjs.org/cross-fetch/-/cross-fetch-3.0.2.tgz",
            "integrity": "sha512-a4Z0EJ5Nck6QtMy9ZqloLfpvu2uMV3sBfMCR+CgSBCZc6z5KR4bfEiD3dkepH8iZgJMXQpTqf8FjMmvu/GMFkg==",
            "requires": {
                "node-fetch": "2.3.0",
                "whatwg-fetch": "3.0.0"
            },
            "dependencies": {
                "node-fetch": {
                    "version": "2.3.0",
                    "resolved": "https://registry.npmjs.org/node-fetch/-/node-fetch-2.3.0.tgz",
                    "integrity": "sha512-MOd8pV3fxENbryESLgVIeaGKrdl+uaYhCSSVkjeOb/31/njTpcis5aWfdqgNlHIrKOLRbMnfPINPOML2CIFeXA=="
                },
                "whatwg-fetch": {
                    "version": "3.0.0",
                    "resolved": "https://registry.npmjs.org/whatwg-fetch/-/whatwg-fetch-3.0.0.tgz",
                    "integrity": "sha512-9GSJUgz1D4MfyKU7KRqwOjXCXTqWdFNvEr7eUBYchQiVc744mqK/MzXPNR2WsPkmkOa4ywfg8C2n8h+13Bey1Q=="
                }
            }
        },
        "crypto-js": {
            "version": "3.1.9-1",
            "resolved": "https://registry.npmjs.org/crypto-js/-/crypto-js-3.1.9-1.tgz",
            "integrity": "sha1-/aGedh/Ad+Af+/3G6f38WeiAbNg="
        },
        "encoding": {
            "version": "0.1.12",
            "resolved": "https://registry.npmjs.org/encoding/-/encoding-0.1.12.tgz",
            "integrity": "sha1-U4tm8+5izRq1HsMjgp0flIDHS+s=",
            "requires": {
                "iconv-lite": "~0.4.13"
            }
        },
        "iconv-lite": {
            "version": "0.4.23",
            "resolved": "https://registry.npmjs.org/iconv-lite/-/iconv-lite-0.4.23.tgz",
            "integrity": "sha512-neyTUVFtahjf0mB3dZT77u+8O0QB89jFdnBkd5P1JgYPbPaia3gXXOVL2fq8VyU2gMMD7SaN7QukTB/pmXYvDA==",
            "requires": {
                "safer-buffer": ">= 2.1.2 < 3"
            }
        },
        "is-stream": {
            "version": "1.1.0",
            "resolved": "https://registry.npmjs.org/is-stream/-/is-stream-1.1.0.tgz",
            "integrity": "sha1-EtSj3U5o4Lec6428hBc66A2RykQ="
        },
        "isomorphic-fetch": {
            "version": "2.2.1",
            "resolved": "https://registry.npmjs.org/isomorphic-fetch/-/isomorphic-fetch-2.2.1.tgz",
            "integrity": "sha1-YRrhrPFPXoH3KVB0coGf6XM1WKk=",
            "requires": {
                "node-fetch": "^1.0.1",
                "whatwg-fetch": ">=0.10.0"
            }
        },
        "js-tokens": {
            "version": "4.0.0",
            "resolved": "https://registry.npmjs.org/js-tokens/-/js-tokens-4.0.0.tgz",
            "integrity": "sha512-RdJUflcE3cUzKiMqQgsCu06FPu9UdIJO0beYbPhHN4k6apgJtifcoCtT9bcxOpYBtpD2kCM6Sbzg4CausW/PKQ=="
        },
        "loose-envify": {
            "version": "1.4.0",
            "resolved": "https://registry.npmjs.org/loose-envify/-/loose-envify-1.4.0.tgz",
            "integrity": "sha512-lyuxPGr/Wfhrlem2CL/UcnUc1zcqKAImBDzukY7Y5F/yQiNdko6+fRLevlw1HgMySw7f611UIY408EtxRSoK3Q==",
            "requires": {
                "js-tokens": "^3.0.0 || ^4.0.0"
            }
        },
        "node-fetch": {
            "version": "1.7.3",
            "resolved": "https://registry.npmjs.org/node-fetch/-/node-fetch-1.7.3.tgz",
            "integrity": "sha512-NhZ4CsKx7cYm2vSrBAr2PvFOe6sWDf0UYLRqA6svUYg7+/TSfVAu49jYC4BvQ4Sms9SZgdqGBgroqfDhJdTyKQ==",
            "requires": {
                "encoding": "^0.1.11",
                "is-stream": "^1.0.1"
            }
        },
        "safer-buffer": {
            "version": "2.1.2",
            "resolved": "https://registry.npmjs.org/safer-buffer/-/safer-buffer-2.1.2.tgz",
            "integrity": "sha512-YZo3K82SD7Riyi0E1EQPojLz7kpepnSQI9IyPbHHg1XXXevb5dJI7tpyN2ADxGcQbHG7vcyRHk0cbwqcQriUtg=="
        },
        "warning": {
            "version": "4.0.3",
            "resolved": "https://registry.npmjs.org/warning/-/warning-4.0.3.tgz",
            "integrity": "sha512-rpJyN222KWIvHJ/F53XSZv0Zl/accqHR8et1kpaMTD/fLCRxtV8iX8czMzY7sVZupTI3zcUTg8eycS2kNF9l6w==",
            "requires": {
                "loose-envify": "^1.0.0"
            }
        },
        "whatwg-fetch": {
            "version": "2.0.4",
            "resolved": "https://registry.npmjs.org/whatwg-fetch/-/whatwg-fetch-2.0.4.tgz",
            "integrity": "sha512-dcQ1GWpOD/eEQ97k66aiEVpNnapVj90/+R+SXTPYGHpYBBypfKJEQjLrvMZ7YXbKm21gXd4NcuxUTjiv1YtLng=="
        }
    }
}
