{
	"name": "@iota/signing",
	"version": "1.0.0-beta.11",
	"lockfileVersion": 1,
	"requires": true,
	"dependencies": {
		"@iota/converter": {
			"version": "1.0.0-beta.11",
			"resolved": "https://registry.npmjs.org/@iota/converter/-/converter-1.0.0-beta.11.tgz",
			"integrity": "sha512-euKqd0z3So/c0dz0obOcfXhJfB1riZd2nal5oM/R7uW63e4MZUP0A0libbPzGe4iHGX9XqkfAV6j2bhMdzkCFQ=="
		},
		"@iota/kerl": {
			"version": "1.0.0-beta.11",
			"resolved": "https://registry.npmjs.org/@iota/kerl/-/kerl-1.0.0-beta.11.tgz",
			"integrity": "sha512-Yut/cl5xiBUA4wtVctgJDWtRltahSfLN8sWmRLQF7uqL/qngCRZ7iVtUehyPuXR4UlVzqU1kV/uMeuHKth2bWw==",
			"requires": {
				"@types/crypto-js": "^3.1.38",
				"crypto-js": "^3.1.9-1"
			}
		},
		"@iota/pad": {
			"version": "1.0.0-beta.11",
			"resolved": "https://registry.npmjs.org/@iota/pad/-/pad-1.0.0-beta.11.tgz",
			"integrity": "sha512-1e6ujEhKbtk4jB+Y0Hlbg48DvdDjvbU8RUST3IrOK1NekFKVoU9KQBxm3o3RVyxos+2KPIzHddyOYbSyOIyFrw=="
		},
		"@types/crypto-js": {
			"version": "3.1.43",
			"resolved": "https://registry.npmjs.org/@types/crypto-js/-/crypto-js-3.1.43.tgz",
			"integrity": "sha512-EHe/YKctU3IYNBsDmSOPX/7jLHPRlx8WaiDKSY9JCTnJ8XJeM4c0ZJvx+9Gxmr2s2ihI92R+3U/gNL1sq5oRuQ=="
		},
		"crypto-js": {
			"version": "3.1.9-1",
			"resolved": "https://registry.npmjs.org/crypto-js/-/crypto-js-3.1.9-1.tgz",
			"integrity": "sha1-/aGedh/Ad+Af+/3G6f38WeiAbNg="
		}
	}
}
