{
    "name": "pow",
    "version": "1.0.0",
    "lockfileVersion": 2,
    "requires": true,
    "packages": {
        "": {
            "version": "1.0.0",
            "dependencies": {
                "@iota/crypto.js": "file:packages/crypto",
                "@iota/iota.js": "file:packages/iota",
                "@iota/pow-neon.js": "file:packages/pow-neon",
                "@iota/pow-node.js": "file:packages/pow-node",
                "@iota/pow-wasm.js": "file:packages/pow-wasm",
                "@iota/util.js": "file:packages/util",
                "typescript": "^4.4.3"
            }
        },
        "node_modules/@iota/crypto.js": {
            "resolved": "packages/crypto",
            "link": true
        },
        "node_modules/@iota/iota.js": {
            "resolved": "packages/iota",
            "link": true
        },
        "node_modules/@iota/pow-neon.js": {
            "resolved": "packages/pow-neon",
            "link": true
        },
        "node_modules/@iota/pow-node.js": {
            "resolved": "packages/pow-node",
            "link": true
        },
        "node_modules/@iota/pow-wasm.js": {
            "resolved": "packages/pow-wasm",
            "link": true
        },
        "node_modules/@iota/util.js": {
            "resolved": "packages/util",
            "link": true
        },
        "node_modules/typescript": {
            "version": "4.8.3",
            "resolved": "https://registry.npmjs.org/typescript/-/typescript-4.8.3.tgz",
            "integrity": "sha512-goMHfm00nWPa8UvR/CPSvykqf6dVV8x/dp0c5mFTMTIu0u0FlGWRioyy7Nn0PGAdHxpJZnuO/ut+PpQ8UiHAig==",
            "bin": {
                "tsc": "bin/tsc",
                "tsserver": "bin/tsserver"
            },
            "engines": {
                "node": ">=4.2.0"
            }
        },
        "packages/crypto": {},
        "packages/iota": {},
        "packages/pow-neon": {},
        "packages/pow-node": {},
        "packages/pow-wasm": {},
        "packages/util": {}
    },
    "dependencies": {
        "@iota/crypto.js": {
            "version": "file:packages/crypto"
        },
        "@iota/iota.js": {
            "version": "file:packages/iota"
        },
        "@iota/pow-neon.js": {
            "version": "file:packages/pow-neon"
        },
        "@iota/pow-node.js": {
            "version": "file:packages/pow-node"
        },
        "@iota/pow-wasm.js": {
            "version": "file:packages/pow-wasm"
        },
        "@iota/util.js": {
            "version": "file:packages/util"
        },
        "typescript": {
            "version": "4.8.3",
            "resolved": "https://registry.npmjs.org/typescript/-/typescript-4.8.3.tgz",
            "integrity": "sha512-goMHfm00nWPa8UvR/CPSvykqf6dVV8x/dp0c5mFTMTIu0u0FlGWRioyy7Nn0PGAdHxpJZnuO/ut+PpQ8UiHAig=="
        }
    }
}
