{
    "name": "@iota/transaction-converter",
    "version": "1.0.0-beta.11",
    "lockfileVersion": 1,
    "requires": true,
    "dependencies": {
        "@iota/converter": {
            "version": "1.0.0-beta.11",
            "requires": {
                "@iota/curl": "1.0.0-beta.11"
            },
            "dependencies": {
                "@iota/curl": {
                    "version": "1.0.0-beta.11",
                    "bundled": true
                }
            }
        },
        "@iota/pad": {
            "version": "1.0.0-beta.11"
        },
        "@iota/samples": {
            "version": "1.0.0-beta.11",
            "dev": true,
            "requires": {
                "@iota/curl": "1.0.0-beta.11"
            },
            "dependencies": {
                "@iota/curl": {
                    "version": "1.0.0-beta.11",
                    "bundled": true
                }
            }
        },
        "@iota/transaction": {
            "version": "1.0.0-beta.11",
            "requires": {
                "@iota/converter": "^1.0.0-beta.11",
                "@iota/curl": "1.0.0-beta.11",
                "warning": "^4.0.3"
            },
            "dependencies": {
                "@iota/converter": {
                    "version": "1.0.0-beta.11",
                    "bundled": true,
                    "requires": {
                        "@iota/curl": "1.0.0-beta.11"
                    },
                    "dependencies": {
                        "@iota/curl": {
                            "version": "1.0.0-beta.11",
                            "bundled": true
                        }
                    }
                },
                "@iota/curl": {
                    "version": "1.0.0-beta.11",
                    "bundled": true
                },
                "@iota/samples": {
                    "bundled": true,
                    "requires": {
                        "@iota/curl": "1.0.0-beta.11"
                    },
                    "dependencies": {
                        "@iota/curl": {
                            "version": "1.0.0-beta.11",
                            "bundled": true
                        }
                    }
                },
                "js-tokens": {
                    "version": "4.0.0",
                    "bundled": true
                },
                "loose-envify": {
                    "version": "1.4.0",
                    "bundled": true,
                    "requires": {
                        "js-tokens": "^3.0.0 || ^4.0.0"
                    }
                },
                "warning": {
                    "version": "4.0.3",
                    "bundled": true,
                    "requires": {
                        "loose-envify": "^1.0.0"
                    }
                }
            }
        }
    }
}
