{
    "name": "pow-wasm.js",
    "version": "1.0.0",
    "lockfileVersion": 2,
    "requires": true,
    "packages": {
        "": {
            "name": "pow-wasm.js",
            "version": "1.0.0",
            "license": "Apache-2.0",
            "dependencies": {
                "@assemblyscript/loader": "^0.18.31"
            },
            "devDependencies": {
                "assemblyscript": "^0.18.31"
            }
        },
        "node_modules/@assemblyscript/loader": {
            "version": "0.18.31",
            "resolved": "https://registry.npmjs.org/@assemblyscript/loader/-/loader-0.18.31.tgz",
            "integrity": "sha512-BrPyjojTj7ReaDUiDzfbm0Ei/2OoF2ZimcvxTGSQ7IrVKld/c/7w1DcFJjaLj1eBaartP2TBEzaf7iky+UiDYA=="
        },
        "node_modules/assemblyscript": {
            "version": "0.18.31",
            "resolved": "https://registry.npmjs.org/assemblyscript/-/assemblyscript-0.18.31.tgz",
            "integrity": "sha512-4MtKf1nnmY0eh+v4PKVnIjT8HPTRBqJqACW3kXQoDztyFBLHN1WxGSgZ9iPsLbm/6xKNYD0l6j9y03PoMv+Qog==",
            "dev": true,
            "dependencies": {
                "binaryen": "100.0.0-nightly.20210413",
                "long": "^4.0.0"
            },
            "bin": {
                "asc": "bin/asc",
                "asinit": "bin/asinit"
            },
            "funding": {
                "type": "opencollective",
                "url": "https://opencollective.com/assemblyscript"
            }
        },
        "node_modules/binaryen": {
            "version": "100.0.0-nightly.20210413",
            "resolved": "https://registry.npmjs.org/binaryen/-/binaryen-100.0.0-nightly.20210413.tgz",
            "integrity": "sha512-EeGLIxQmJS0xnYl+SH34mNBqVMoixKd9nsE7S7z+CtS9A4eoWn3Qjav+XElgunUgXIHAI5yLnYT2TUGnLX2f1w==",
            "dev": true,
            "bin": {
                "wasm-opt": "bin/wasm-opt"
            }
        },
        "node_modules/long": {
            "version": "4.0.0",
            "resolved": "https://registry.npmjs.org/long/-/long-4.0.0.tgz",
            "integrity": "sha512-XsP+KhQif4bjX1kbuSiySJFNAehNxgLb6hPRGJ9QsUr8ajHkuXGdrHmFUTUUXhDwVX2R5bY4JNZEwbUiMhV+MA==",
            "dev": true
        }
    },
    "dependencies": {
        "@assemblyscript/loader": {
            "version": "0.18.31",
            "resolved": "https://registry.npmjs.org/@assemblyscript/loader/-/loader-0.18.31.tgz",
            "integrity": "sha512-BrPyjojTj7ReaDUiDzfbm0Ei/2OoF2ZimcvxTGSQ7IrVKld/c/7w1DcFJjaLj1eBaartP2TBEzaf7iky+UiDYA=="
        },
        "assemblyscript": {
            "version": "0.18.31",
            "resolved": "https://registry.npmjs.org/assemblyscript/-/assemblyscript-0.18.31.tgz",
            "integrity": "sha512-4MtKf1nnmY0eh+v4PKVnIjT8HPTRBqJqACW3kXQoDztyFBLHN1WxGSgZ9iPsLbm/6xKNYD0l6j9y03PoMv+Qog==",
            "dev": true,
            "requires": {
                "binaryen": "100.0.0-nightly.20210413",
                "long": "^4.0.0"
            }
        },
        "binaryen": {
            "version": "100.0.0-nightly.20210413",
            "resolved": "https://registry.npmjs.org/binaryen/-/binaryen-100.0.0-nightly.20210413.tgz",
            "integrity": "sha512-EeGLIxQmJS0xnYl+SH34mNBqVMoixKd9nsE7S7z+CtS9A4eoWn3Qjav+XElgunUgXIHAI5yLnYT2TUGnLX2f1w==",
            "dev": true
        },
        "long": {
            "version": "4.0.0",
            "resolved": "https://registry.npmjs.org/long/-/long-4.0.0.tgz",
            "integrity": "sha512-XsP+KhQif4bjX1kbuSiySJFNAehNxgLb6hPRGJ9QsUr8ajHkuXGdrHmFUTUUXhDwVX2R5bY4JNZEwbUiMhV+MA==",
            "dev": true
        }
    }
}
