{
    "name": "pow-wasm.js",
    "version": "1.0.0",
    "lockfileVersion": 2,
    "requires": true,
    "packages": {
        "": {
            "name": "pow-wasm.js",
            "version": "1.0.0",
            "license": "Apache-2.0",
            "dependencies": {
                "@assemblyscript/loader": "^0.19.16"
            },
            "devDependencies": {
                "assemblyscript": "^0.19.16"
            }
        },
        "node_modules/@assemblyscript/loader": {
            "version": "0.19.16",
            "resolved": "https://registry.npmjs.org/@assemblyscript/loader/-/loader-0.19.16.tgz",
            "integrity": "sha512-Skp0eLY3oP2YfAxaHq4IpsUZQOpllkBB0dNDrhck42mGQTimAJ6KegXMuFVa9PIP6gw3bDlCs2iIegfGnXiuFg=="
        },
        "node_modules/assemblyscript": {
            "version": "0.19.16",
            "resolved": "https://registry.npmjs.org/assemblyscript/-/assemblyscript-0.19.16.tgz",
            "integrity": "sha512-AMNdwcat+EEsxjkVQ5vOE/lDbXBvy1swQKAuMG2Ken+DZufZH7wKHIAVKR5liteW/jLL3T971l1MN+onP/bixA==",
            "dev": true,
            "dependencies": {
                "binaryen": "101.0.0-nightly.20210904",
                "long": "^4.0.0"
            },
            "bin": {
                "asc": "bin/asc",
                "asinit": "bin/asinit"
            },
            "funding": {
                "type": "opencollective",
                "url": "https://opencollective.com/assemblyscript"
            }
        },
        "node_modules/binaryen": {
            "version": "101.0.0-nightly.20210904",
            "resolved": "https://registry.npmjs.org/binaryen/-/binaryen-101.0.0-nightly.20210904.tgz",
            "integrity": "sha512-2AvJhErttuoMvgNcYPPpPy7C12PSvDdtZWtEeX/Otm/Vtf4ePvBpT3UIA00hGAh8HNaGr+dzFNstxTUvjNwZTg==",
            "dev": true,
            "bin": {
                "wasm-opt": "bin/wasm-opt"
            }
        },
        "node_modules/long": {
            "version": "4.0.0",
            "resolved": "https://registry.npmjs.org/long/-/long-4.0.0.tgz",
            "integrity": "sha512-XsP+KhQif4bjX1kbuSiySJFNAehNxgLb6hPRGJ9QsUr8ajHkuXGdrHmFUTUUXhDwVX2R5bY4JNZEwbUiMhV+MA==",
            "dev": true
        }
    },
    "dependencies": {
        "@assemblyscript/loader": {
            "version": "0.19.16",
            "resolved": "https://registry.npmjs.org/@assemblyscript/loader/-/loader-0.19.16.tgz",
            "integrity": "sha512-Skp0eLY3oP2YfAxaHq4IpsUZQOpllkBB0dNDrhck42mGQTimAJ6KegXMuFVa9PIP6gw3bDlCs2iIegfGnXiuFg=="
        },
        "assemblyscript": {
            "version": "0.19.16",
            "resolved": "https://registry.npmjs.org/assemblyscript/-/assemblyscript-0.19.16.tgz",
            "integrity": "sha512-AMNdwcat+EEsxjkVQ5vOE/lDbXBvy1swQKAuMG2Ken+DZufZH7wKHIAVKR5liteW/jLL3T971l1MN+onP/bixA==",
            "dev": true,
            "requires": {
                "binaryen": "101.0.0-nightly.20210904",
                "long": "^4.0.0"
            }
        },
        "binaryen": {
            "version": "101.0.0-nightly.20210904",
            "resolved": "https://registry.npmjs.org/binaryen/-/binaryen-101.0.0-nightly.20210904.tgz",
            "integrity": "sha512-2AvJhErttuoMvgNcYPPpPy7C12PSvDdtZWtEeX/Otm/Vtf4ePvBpT3UIA00hGAh8HNaGr+dzFNstxTUvjNwZTg==",
            "dev": true
        },
        "long": {
            "version": "4.0.0",
            "resolved": "https://registry.npmjs.org/long/-/long-4.0.0.tgz",
            "integrity": "sha512-XsP+KhQif4bjX1kbuSiySJFNAehNxgLb6hPRGJ9QsUr8ajHkuXGdrHmFUTUUXhDwVX2R5bY4JNZEwbUiMhV+MA==",
            "dev": true
        }
    }
}
