{
    "name": "@iota/unit-converter",
    "version": "1.0.0-beta.21",
    "lockfileVersion": 1,
    "requires": true,
    "dependencies": {
        "@types/bignumber.js": {
            "version": "5.0.0",
            "resolved": "https://registry.npmjs.org/@types/bignumber.js/-/bignumber.js-5.0.0.tgz",
            "integrity": "sha512-0DH7aPGCClywOFaxxjE6UwpN2kQYe9LwuDQMv+zYA97j5GkOMo8e66LYT+a8JYU7jfmUFRZLa9KycxHDsKXJCA==",
            "requires": {
                "bignumber.js": "*"
            }
        },
        "bignumber.js": {
            "version": "7.2.1",
            "resolved": "https://registry.npmjs.org/bignumber.js/-/bignumber.js-7.2.1.tgz",
            "integrity": "sha512-S4XzBk5sMB+Rcb/LNcpzXr57VRTxgAvaAEDAl1AwRx27j00hT84O6OkteE7u8UB3NuaaygCRrEpqox4uDOrbdQ=="
        }
    }
}
