{
    "name": "@iota/account",
    "version": "1.0.0-beta.30",
    "lockfileVersion": 1,
    "requires": true,
    "dependencies": {
        "@iota/async-buffer": {
            "version": "1.0.0-beta.30",
            "resolved": "https://registry.npmjs.org/@iota/async-buffer/-/async-buffer-1.0.0-beta.30.tgz",
            "integrity": "sha512-pWJTYD7M/Xb8hgvwZFzOa2HlQzUB1JMgdzfOCTi03rTNpoLDvgh2cSrRjs2KaySl6zNSUc1JxKhbM5FOyEgPdw==",
            "requires": {
                "bluebird": "^3.7.2"
            }
        },
        "@iota/bundle": {
            "version": "1.0.0-beta.30",
            "resolved": "https://registry.npmjs.org/@iota/bundle/-/bundle-1.0.0-beta.30.tgz",
            "integrity": "sha512-JIPaSHCqfJa2Oq5zD19ie2CYAitNXp4DJcV9oJU/yDVJoKqlLs9BCdNgf/fAI4ZViFkKx3L4F+z0R6G/vO7Kcw==",
            "requires": {
                "@iota/converter": "^1.0.0-beta.30",
                "@iota/kerl": "^1.0.0-beta.30",
                "@iota/signing": "^1.0.0-beta.30",
                "@iota/transaction": "^1.0.0-beta.30",
                "@types/warning": "^3.0.0",
                "warning": "^4.0.3"
            }
        },
        "@iota/bundle-validator": {
            "version": "1.0.0-beta.30",
            "resolved": "https://registry.npmjs.org/@iota/bundle-validator/-/bundle-validator-1.0.0-beta.30.tgz",
            "integrity": "sha512-LYMms75LCZZ8yTIL1ApQrpuwzD4VfFeTOJVICyjObClIbAL0QGraq0HgdeJiaYjvRqNKrdi9JYM3QdZJvGcsAw==",
            "requires": {
                "@iota/converter": "^1.0.0-beta.30",
                "@iota/kerl": "^1.0.0-beta.30",
                "@iota/signing": "^1.0.0-beta.30",
                "@iota/transaction": "^1.0.0-beta.30",
                "@iota/transaction-converter": "^1.0.0-beta.30"
            }
        },
        "@iota/cda": {
            "version": "1.0.0-beta.30",
            "resolved": "https://registry.npmjs.org/@iota/cda/-/cda-1.0.0-beta.30.tgz",
            "integrity": "sha512-Ab6LLRZpXo8kJG+goPe/kj+Cm/5K1P2Wdj08d03E0RkR/qpGDgTQkYMXn6SVmp5+pZ6YNqLiY7InqOpGQu1hsA==",
            "requires": {
                "@iota/converter": "^1.0.0-beta.30",
                "@iota/curl": "^1.0.0-beta.19",
                "@iota/pad": "^1.0.0-beta.30",
                "@iota/signing": "^1.0.0-beta.30",
                "@iota/transaction": "^1.0.0-beta.30"
            }
        },
        "@iota/checksum": {
            "version": "1.0.0-beta.30",
            "resolved": "https://registry.npmjs.org/@iota/checksum/-/checksum-1.0.0-beta.30.tgz",
            "integrity": "sha512-oNCtmJjb152J/+Y5ddF+iBo0S0L7hDHZZHTRXovvcJeRniAZ6IF45Ko0qo/6SiNUEhUaQeJ/oj+kMdkfTdQ51A==",
            "requires": {
                "@iota/converter": "^1.0.0-beta.30",
                "@iota/kerl": "^1.0.0-beta.30"
            }
        },
        "@iota/converter": {
            "version": "1.0.0-beta.30",
            "resolved": "https://registry.npmjs.org/@iota/converter/-/converter-1.0.0-beta.30.tgz",
            "integrity": "sha512-DxyTXatWZiVb2EKN1JVdaZs1zg8JUCHngk94hK2quV7JM3weemLOKd6OL8GQOJtjjoGIWBIZFpKpYZd2gaIBmg==",
            "requires": {
                "core-js": "^3.1.4"
            }
        },
        "@iota/core": {
            "version": "1.0.0-beta.30",
            "resolved": "https://registry.npmjs.org/@iota/core/-/core-1.0.0-beta.30.tgz",
            "integrity": "sha512-BYnQnTY2lOAOz4LEPT2jDKb9z25EeU0lUVE4vO6mV+rcVlkn8NDUkOvJpEi9XWdPySx6MqtcSiVMvGcAAGh4Tw==",
            "requires": {
                "@iota/bundle": "^1.0.0-beta.30",
                "@iota/bundle-validator": "^1.0.0-beta.30",
                "@iota/checksum": "^1.0.0-beta.30",
                "@iota/converter": "^1.0.0-beta.30",
                "@iota/curl": "^1.0.0-beta.19",
                "@iota/http-client": "^1.0.0-beta.30",
                "@iota/kerl": "^1.0.0-beta.30",
                "@iota/pad": "^1.0.0-beta.30",
                "@iota/signing": "^1.0.0-beta.30",
                "@iota/transaction": "^1.0.0-beta.30",
                "@iota/transaction-converter": "^1.0.0-beta.30",
                "bluebird": "^3.5.5"
            }
        },
        "@iota/curl": {
            "version": "1.0.0-beta.19",
            "resolved": "https://registry.npmjs.org/@iota/curl/-/curl-1.0.0-beta.19.tgz",
            "integrity": "sha512-bUr6VW8lP1XYhAkzUacc8U28qO2Ibdl6R5CSF7N34GgjO2sEkn4DnlzL1VU8cCv+8rfBlZ9qIvYGzklic49JJw=="
        },
        "@iota/http-client": {
            "version": "1.0.0-beta.30",
            "resolved": "https://registry.npmjs.org/@iota/http-client/-/http-client-1.0.0-beta.30.tgz",
            "integrity": "sha512-Dc4UnNmO5mgPi6pZOwgJ7wR9/ETJoSlU/C0HlSIdkzeuRchpRc70STG2pA8hfIfLnNQE2N8HzMvceSPntKlWZg==",
            "requires": {
                "bluebird": "^3.7.2",
                "cross-fetch": "^3.0.0",
                "url-parse": "^1.4.7"
            }
        },
        "@iota/kerl": {
            "version": "1.0.0-beta.30",
            "resolved": "https://registry.npmjs.org/@iota/kerl/-/kerl-1.0.0-beta.30.tgz",
            "integrity": "sha512-vVx7916Sb1fZWV9FmsFUUoxrgBbxeK4lc2Y0NYIw4OnU/Q6NsTu+GEXGNMArp97daU4UQhbceE7DNTj9HOICfQ==",
            "requires": {
                "@types/crypto-js": "^3.1.47",
                "crypto-js": "^4.0.0"
            }
        },
        "@iota/pad": {
            "version": "1.0.0-beta.30",
            "resolved": "https://registry.npmjs.org/@iota/pad/-/pad-1.0.0-beta.30.tgz",
            "integrity": "sha512-fnhPMPul18WunLq9Ni4rxzBFmhna6eaG8WroDg6GdQqSK/eN62uFHV8tpspJHXuCqwgCUVp6NpuUna7+B2OV9g=="
        },
        "@iota/persistence": {
            "version": "1.0.0-beta.30",
            "resolved": "https://registry.npmjs.org/@iota/persistence/-/persistence-1.0.0-beta.30.tgz",
            "integrity": "sha512-Z3Pi3OtJ1xK5rdOCAYikQzv/PIUn/5LwQwX4Y6xturNrvlmqROCCnsHGZom7QPkOUvcNVLMei+ZaTUqwqvYKVg==",
            "requires": {
                "@iota/async-buffer": "^1.0.0-beta.30",
                "@iota/converter": "^1.0.0-beta.30",
                "@iota/kerl": "^1.0.0-beta.30",
                "@iota/signing": "^1.0.0-beta.30",
                "@iota/transaction": "^1.0.0-beta.30",
                "bluebird": "^3.7.2"
            }
        },
        "@iota/persistence-adapter-level": {
            "version": "1.0.0-beta.30",
            "resolved": "https://registry.npmjs.org/@iota/persistence-adapter-level/-/persistence-adapter-level-1.0.0-beta.30.tgz",
            "integrity": "sha512-hD+godUtEhtKwSkmT80RIs2PVt1IRyy8VwAT8nCKKsoMhXJ2+wxuKNTzxbGZI0xJEPSn3yLaAm9cpU41Mz6i+Q==",
            "requires": {
                "@iota/converter": "^1.0.0-beta.30",
                "bluebird": "^3.7.2",
                "level": "^5.0.1"
            }
        },
        "@iota/signing": {
            "version": "1.0.0-beta.30",
            "resolved": "https://registry.npmjs.org/@iota/signing/-/signing-1.0.0-beta.30.tgz",
            "integrity": "sha512-VnOCBq8uAsMwQKv7VeYe2Yx2hTWxNp/lkNEqN6xgPsTII17elj0wjwR+b4euf48h3nIiGeCLWRK5a+k9r46o/g==",
            "requires": {
                "@iota/converter": "^1.0.0-beta.30",
                "@iota/kerl": "^1.0.0-beta.30",
                "@iota/pad": "^1.0.0-beta.30",
                "bluebird": "^3.7.2"
            }
        },
        "@iota/transaction": {
            "version": "1.0.0-beta.30",
            "resolved": "https://registry.npmjs.org/@iota/transaction/-/transaction-1.0.0-beta.30.tgz",
            "integrity": "sha512-Y84Jaba9lXMbi/yDJSIgKE8gyY0P63ILACjiPqoPOrHnOQQ9Hs0ewh55/lhat0kZODDGWsaEzKrN4CawOICofg==",
            "requires": {
                "@iota/converter": "^1.0.0-beta.30",
                "@iota/curl": "^1.0.0-beta.19",
                "@iota/kerl": "^1.0.0-beta.30",
                "@iota/signing": "^1.0.0-beta.30",
                "@types/warning": "^3.0.0",
                "warning": "^4.0.3"
            }
        },
        "@iota/transaction-converter": {
            "version": "1.0.0-beta.30",
            "resolved": "https://registry.npmjs.org/@iota/transaction-converter/-/transaction-converter-1.0.0-beta.30.tgz",
            "integrity": "sha512-V27JhRRuJLR8h2XgQBNRC0i3YMU2VVKXwXoB4vxofEdjb0zrXk3Wya7en7PFJUrhtG2edmFXELTaGrN2zw372Q==",
            "requires": {
                "@iota/converter": "^1.0.0-beta.30",
                "@iota/pad": "^1.0.0-beta.30",
                "@iota/transaction": "^1.0.0-beta.30"
            }
        },
        "@types/crypto-js": {
            "version": "3.1.47",
            "resolved": "https://registry.npmjs.org/@types/crypto-js/-/crypto-js-3.1.47.tgz",
            "integrity": "sha512-eI6gvpcGHLk3dAuHYnRCAjX+41gMv1nz/VP55wAe5HtmAKDOoPSfr3f6vkMc08ov1S0NsjvUBxDtHHxqQY1LGA=="
        },
        "@types/nock": {
            "version": "9.3.1",
            "resolved": "https://registry.npmjs.org/@types/nock/-/nock-9.3.1.tgz",
            "integrity": "sha512-eOVHXS5RnWOjTVhu3deCM/ruy9E6JCgeix2g7wpFiekQh3AaEAK1cz43tZDukKmtSmQnwvSySq7ubijCA32I7Q==",
            "requires": {
                "@types/node": "*"
            }
        },
        "@types/node": {
            "version": "12.0.5",
            "resolved": "https://registry.npmjs.org/@types/node/-/node-12.0.5.tgz",
            "integrity": "sha512-CFLSALoE+93+Hcb5pFjp0J1uMrrbLRe+L1+gFwerJ776R3TACSF0kTVRQ7AvRa7aFx70nqYHAc7wQPlt9kY2Mg=="
        },
        "@types/warning": {
            "version": "3.0.0",
            "resolved": "https://registry.npmjs.org/@types/warning/-/warning-3.0.0.tgz",
            "integrity": "sha1-DSUBJorY+ZYrdA04fEZU9fjiPlI="
        },
        "abstract-leveldown": {
            "version": "6.0.3",
            "resolved": "https://registry.npmjs.org/abstract-leveldown/-/abstract-leveldown-6.0.3.tgz",
            "integrity": "sha512-jzewKKpZbaYUa6HTThnrl+GrJhzjEAeuc7hTVpZdzg7kupXZFoqQDFwyOwLNbmJKJlmzw8yiipMPkDiuKkT06Q==",
            "requires": {
                "level-concat-iterator": "~2.0.0",
                "xtend": "~4.0.0"
            }
        },
        "balanced-match": {
            "version": "1.0.0",
            "resolved": "https://registry.npmjs.org/balanced-match/-/balanced-match-1.0.0.tgz",
            "integrity": "sha1-ibTRmasr7kneFk6gK4nORi1xt2c=",
            "dev": true
        },
        "base64-js": {
            "version": "1.5.1",
            "resolved": "https://registry.npmjs.org/base64-js/-/base64-js-1.5.1.tgz",
            "integrity": "sha512-AKpaYlHn8t4SVbOHCy+b5+KKgvR4vrsD8vbvrbiQJps7fKDTkjkDry6ji0rUJjC0kzbNePLwzxq8iypo41qeWA=="
        },
        "bluebird": {
            "version": "3.7.2",
            "resolved": "https://registry.npmjs.org/bluebird/-/bluebird-3.7.2.tgz",
            "integrity": "sha512-XpNj6GDQzdfW+r2Wnn7xiSAd7TM3jzkxGXBGTtWKuSXv1xUV+azxAm8jdWZN06QTQk+2N2XB9jRDkvbmQmcRtg=="
        },
        "boolbase": {
            "version": "1.0.0",
            "resolved": "https://registry.npmjs.org/boolbase/-/boolbase-1.0.0.tgz",
            "integrity": "sha1-aN/1++YMUes3cl6p4+0xDcwed24=",
            "dev": true
        },
        "brace-expansion": {
            "version": "1.1.11",
            "resolved": "https://registry.npmjs.org/brace-expansion/-/brace-expansion-1.1.11.tgz",
            "integrity": "sha512-iCuPHDFgrHX7H2vEI/5xpz07zSHB00TpugqhmYtVmMO6518mCuRMoOYFldEBl0g187ufozdaHgWKcYFb61qGiA==",
            "dev": true,
            "requires": {
                "balanced-match": "^1.0.0",
                "concat-map": "0.0.1"
            }
        },
        "buffer": {
            "version": "5.7.1",
            "resolved": "https://registry.npmjs.org/buffer/-/buffer-5.7.1.tgz",
            "integrity": "sha512-EHcyIPBQ4BSGlvjB16k5KgAJ27CIsHY/2JBmCRReo48y9rQ3MaUzWX3KVlBa4U7MyX02HdVj0K7C3WaB3ju7FQ==",
            "requires": {
                "base64-js": "^1.3.1",
                "ieee754": "^1.1.13"
            }
        },
        "cheerio": {
            "version": "1.0.0-rc.2",
            "resolved": "https://registry.npmjs.org/cheerio/-/cheerio-1.0.0-rc.2.tgz",
            "integrity": "sha1-S59TqBsn5NXawxwP/Qz6A8xoMNs=",
            "dev": true,
            "requires": {
                "css-select": "~1.2.0",
                "dom-serializer": "~0.1.0",
                "entities": "~1.1.1",
                "htmlparser2": "^3.9.1",
                "lodash": "^4.15.0",
                "parse5": "^3.0.1"
            }
        },
        "concat-map": {
            "version": "0.0.1",
            "resolved": "https://registry.npmjs.org/concat-map/-/concat-map-0.0.1.tgz",
            "integrity": "sha1-2Klr13/Wjfd5OnMDajug1UBdR3s=",
            "dev": true
        },
        "core-js": {
            "version": "3.9.1",
            "resolved": "https://registry.npmjs.org/core-js/-/core-js-3.9.1.tgz",
            "integrity": "sha512-gSjRvzkxQc1zjM/5paAmL4idJBFzuJoo+jDjF1tStYFMV2ERfD02HhahhCGXUyHxQRG4yFKVSdO6g62eoRMcDg=="
        },
        "cross-fetch": {
            "version": "3.0.6",
            "resolved": "https://registry.npmjs.org/cross-fetch/-/cross-fetch-3.0.6.tgz",
            "integrity": "sha512-KBPUbqgFjzWlVcURG+Svp9TlhA5uliYtiNx/0r8nv0pdypeQCRJ9IaSIc3q/x3q8t3F75cHuwxVql1HFGHCNJQ==",
            "requires": {
                "node-fetch": "2.6.1"
            }
        },
        "crypto-js": {
            "version": "4.0.0",
            "resolved": "https://registry.npmjs.org/crypto-js/-/crypto-js-4.0.0.tgz",
            "integrity": "sha512-bzHZN8Pn+gS7DQA6n+iUmBfl0hO5DJq++QP3U6uTucDtk/0iGpXd/Gg7CGR0p8tJhofJyaKoWBuJI4eAO00BBg=="
        },
        "css-select": {
            "version": "1.2.0",
            "resolved": "https://registry.npmjs.org/css-select/-/css-select-1.2.0.tgz",
            "integrity": "sha1-KzoRBTnFNV8c2NMUYj6HCxIeyFg=",
            "dev": true,
            "requires": {
                "boolbase": "~1.0.0",
                "css-what": "2.1",
                "domutils": "1.5.1",
                "nth-check": "~1.0.1"
            }
        },
        "css-what": {
            "version": "2.1.3",
            "resolved": "https://registry.npmjs.org/css-what/-/css-what-2.1.3.tgz",
            "integrity": "sha512-a+EPoD+uZiNfh+5fxw2nO9QwFa6nJe2Or35fGY6Ipw1R3R4AGz1d1TEZrCegvw2YTmZ0jXirGYlzxxpYSHwpEg==",
            "dev": true
        },
        "debug": {
            "version": "4.3.1",
            "resolved": "https://registry.npmjs.org/debug/-/debug-4.3.1.tgz",
            "integrity": "sha512-doEwdvm4PCeK4K3RQN2ZC2BYUBaxwLARCqZmMjtF8a51J2Rb0xpVloFRnCODwqjpwnAoao4pelN8l3RJdv3gRQ==",
            "requires": {
                "ms": "2.1.2"
            }
        },
        "deep-equal": {
            "version": "1.0.1",
            "resolved": "https://registry.npmjs.org/deep-equal/-/deep-equal-1.0.1.tgz",
            "integrity": "sha1-9dJgKStmDghO/0zbyfCK0yR0SLU=",
            "dev": true
        },
        "deferred-leveldown": {
            "version": "5.3.0",
            "resolved": "https://registry.npmjs.org/deferred-leveldown/-/deferred-leveldown-5.3.0.tgz",
            "integrity": "sha512-a59VOT+oDy7vtAbLRCZwWgxu2BaCfd5Hk7wxJd48ei7I+nsg8Orlb9CLG0PMZienk9BSUKgeAqkO2+Lw+1+Ukw==",
            "requires": {
                "abstract-leveldown": "~6.2.1",
                "inherits": "^2.0.3"
            },
            "dependencies": {
                "abstract-leveldown": {
                    "version": "6.2.3",
                    "resolved": "https://registry.npmjs.org/abstract-leveldown/-/abstract-leveldown-6.2.3.tgz",
                    "integrity": "sha512-BsLm5vFMRUrrLeCcRc+G0t2qOaTzpoJQLOubq2XM72eNpjF5UdU5o/5NvlNhx95XHcAvcl8OMXr4mlg/fRgUXQ==",
                    "requires": {
                        "buffer": "^5.5.0",
                        "immediate": "^3.2.3",
                        "level-concat-iterator": "~2.0.0",
                        "level-supports": "~1.0.0",
                        "xtend": "~4.0.0"
                    }
                }
            }
        },
        "define-properties": {
            "version": "1.1.3",
            "resolved": "https://registry.npmjs.org/define-properties/-/define-properties-1.1.3.tgz",
            "integrity": "sha512-3MqfYKj2lLzdMSf8ZIZE/V+Zuy+BgD6f164e8K2w7dgnpKArBDerGYpM46IYYcjnkdPNMjPk9A6VFB8+3SKlXQ==",
            "dev": true,
            "requires": {
                "object-keys": "^1.0.12"
            }
        },
        "defined": {
            "version": "1.0.0",
            "resolved": "https://registry.npmjs.org/defined/-/defined-1.0.0.tgz",
            "integrity": "sha1-yY2bzvdWdBiOEQlpFRGZ45sfppM=",
            "dev": true
        },
        "dom-serializer": {
            "version": "0.1.1",
            "resolved": "https://registry.npmjs.org/dom-serializer/-/dom-serializer-0.1.1.tgz",
            "integrity": "sha512-l0IU0pPzLWSHBcieZbpOKgkIn3ts3vAh7ZuFyXNwJxJXk/c4Gwj9xaTJwIDVQCXawWD0qb3IzMGH5rglQaO0XA==",
            "dev": true,
            "requires": {
                "domelementtype": "^1.3.0",
                "entities": "^1.1.1"
            }
        },
        "domelementtype": {
            "version": "1.3.1",
            "resolved": "https://registry.npmjs.org/domelementtype/-/domelementtype-1.3.1.tgz",
            "integrity": "sha512-BSKB+TSpMpFI/HOxCNr1O8aMOTZ8hT3pM3GQ0w/mWRmkhEDSFJkkyzz4XQsBV44BChwGkrDfMyjVD0eA2aFV3w==",
            "dev": true
        },
        "domhandler": {
            "version": "2.4.2",
            "resolved": "https://registry.npmjs.org/domhandler/-/domhandler-2.4.2.tgz",
            "integrity": "sha512-JiK04h0Ht5u/80fdLMCEmV4zkNh2BcoMFBmZ/91WtYZ8qVXSKjiw7fXMgFPnHcSZgOo3XdinHvmnDUeMf5R4wA==",
            "dev": true,
            "requires": {
                "domelementtype": "1"
            }
        },
        "domutils": {
            "version": "1.5.1",
            "resolved": "https://registry.npmjs.org/domutils/-/domutils-1.5.1.tgz",
            "integrity": "sha1-3NhIiib1Y9YQeeSMn3t+Mjc2gs8=",
            "dev": true,
            "requires": {
                "dom-serializer": "0",
                "domelementtype": "1"
            }
        },
        "encoding-down": {
            "version": "6.3.0",
            "resolved": "https://registry.npmjs.org/encoding-down/-/encoding-down-6.3.0.tgz",
            "integrity": "sha512-QKrV0iKR6MZVJV08QY0wp1e7vF6QbhnbQhb07bwpEyuz4uZiZgPlEGdkCROuFkUwdxlFaiPIhjyarH1ee/3vhw==",
            "requires": {
                "abstract-leveldown": "^6.2.1",
                "inherits": "^2.0.3",
                "level-codec": "^9.0.0",
                "level-errors": "^2.0.0"
            },
            "dependencies": {
                "abstract-leveldown": {
                    "version": "6.3.0",
                    "resolved": "https://registry.npmjs.org/abstract-leveldown/-/abstract-leveldown-6.3.0.tgz",
                    "integrity": "sha512-TU5nlYgta8YrBMNpc9FwQzRbiXsj49gsALsXadbGHt9CROPzX5fB0rWDR5mtdpOOKa5XqRFpbj1QroPAoPzVjQ==",
                    "requires": {
                        "buffer": "^5.5.0",
                        "immediate": "^3.2.3",
                        "level-concat-iterator": "~2.0.0",
                        "level-supports": "~1.0.0",
                        "xtend": "~4.0.0"
                    }
                }
            }
        },
        "entities": {
            "version": "1.1.2",
            "resolved": "https://registry.npmjs.org/entities/-/entities-1.1.2.tgz",
            "integrity": "sha512-f2LZMYl1Fzu7YSBKg+RoROelpOaNrcGmE9AZubeDfrCEia483oW4MI4VyFd5VNHIgQ/7qm1I0wUHK1eJnn2y2w==",
            "dev": true
        },
        "errno": {
            "version": "0.1.8",
            "resolved": "https://registry.npmjs.org/errno/-/errno-0.1.8.tgz",
            "integrity": "sha512-dJ6oBr5SQ1VSd9qkk7ByRgb/1SH4JZjCHSW/mr63/QcXO9zLVxvJ6Oy13nio03rxpSnVDDjFor75SjVeZWPW/A==",
            "requires": {
                "prr": "~1.0.1"
            }
        },
        "es-abstract": {
            "version": "1.13.0",
            "resolved": "https://registry.npmjs.org/es-abstract/-/es-abstract-1.13.0.tgz",
            "integrity": "sha512-vDZfg/ykNxQVwup/8E1BZhVzFfBxs9NqMzGcvIJrqg5k2/5Za2bWo40dK2J1pgLngZ7c+Shh8lwYtLGyrwPutg==",
            "dev": true,
            "requires": {
                "es-to-primitive": "^1.2.0",
                "function-bind": "^1.1.1",
                "has": "^1.0.3",
                "is-callable": "^1.1.4",
                "is-regex": "^1.0.4",
                "object-keys": "^1.0.12"
            }
        },
        "es-to-primitive": {
            "version": "1.2.0",
            "resolved": "https://registry.npmjs.org/es-to-primitive/-/es-to-primitive-1.2.0.tgz",
            "integrity": "sha512-qZryBOJjV//LaxLTV6UC//WewneB3LcXOL9NP++ozKVXsIIIpm/2c13UDiD9Jp2eThsecw9m3jPqDwTyobcdbg==",
            "dev": true,
            "requires": {
                "is-callable": "^1.1.4",
                "is-date-object": "^1.0.1",
                "is-symbol": "^1.0.2"
            }
        },
        "esm": {
            "version": "3.2.8",
            "resolved": "https://registry.npmjs.org/esm/-/esm-3.2.8.tgz",
            "integrity": "sha512-MkjjmAzuR3trRSCS3WFDGlLTOdhXuT6ERlo1BZwGwcPYXC+1YqunnTx9P0h1Ld/tMiZ1J3/AKhh45wup2DR1zQ==",
            "dev": true
        },
        "exec-sh": {
            "version": "0.2.2",
            "resolved": "https://registry.npmjs.org/exec-sh/-/exec-sh-0.2.2.tgz",
            "integrity": "sha512-FIUCJz1RbuS0FKTdaAafAByGS0CPvU3R0MeHxgtl+djzCc//F8HakL8GzmVNZanasTbTAY/3DRFA0KpVqj/eAw==",
            "dev": true,
            "requires": {
                "merge": "^1.2.0"
            }
        },
        "for-each": {
            "version": "0.3.3",
            "resolved": "https://registry.npmjs.org/for-each/-/for-each-0.3.3.tgz",
            "integrity": "sha512-jqYfLp7mo9vIyQf8ykW2v7A+2N4QjeCeI5+Dz9XraiO1ign81wjiH7Fb9vSOWvQfNtmSa4H2RoQTrrXivdUZmw==",
            "dev": true,
            "requires": {
                "is-callable": "^1.1.3"
            }
        },
        "fs.realpath": {
            "version": "1.0.0",
            "resolved": "https://registry.npmjs.org/fs.realpath/-/fs.realpath-1.0.0.tgz",
            "integrity": "sha1-FQStJSMVjKpA20onh8sBQRmU6k8=",
            "dev": true
        },
        "function-bind": {
            "version": "1.1.1",
            "resolved": "https://registry.npmjs.org/function-bind/-/function-bind-1.1.1.tgz",
            "integrity": "sha512-yIovAzMX49sF8Yl58fSCWJ5svSLuaibPxXQJFLmBObTuCr0Mf1KiPopGM9NiFjiYBCbfaa2Fh6breQ6ANVTI0A==",
            "dev": true
        },
        "glob": {
            "version": "7.1.4",
            "resolved": "https://registry.npmjs.org/glob/-/glob-7.1.4.tgz",
            "integrity": "sha512-hkLPepehmnKk41pUGm3sYxoFs/umurYfYJCerbXEyFIWcAzvpipAgVkBqqT9RBKMGjnq6kMuyYwha6csxbiM1A==",
            "dev": true,
            "requires": {
                "fs.realpath": "^1.0.0",
                "inflight": "^1.0.4",
                "inherits": "2",
                "minimatch": "^3.0.4",
                "once": "^1.3.0",
                "path-is-absolute": "^1.0.0"
            }
        },
        "has": {
            "version": "1.0.3",
            "resolved": "https://registry.npmjs.org/has/-/has-1.0.3.tgz",
            "integrity": "sha512-f2dvO0VU6Oej7RkWJGrehjbzMAjFp5/VKPp5tTpWIV4JHHZK1/BxbFRtf/siA2SWTe09caDmVtYYzWEIbBS4zw==",
            "dev": true,
            "requires": {
                "function-bind": "^1.1.1"
            }
        },
        "has-symbols": {
            "version": "1.0.0",
            "resolved": "https://registry.npmjs.org/has-symbols/-/has-symbols-1.0.0.tgz",
            "integrity": "sha1-uhqPGvKg/DllD1yFA2dwQSIGO0Q=",
            "dev": true
        },
        "htmlparser2": {
            "version": "3.10.1",
            "resolved": "https://registry.npmjs.org/htmlparser2/-/htmlparser2-3.10.1.tgz",
            "integrity": "sha512-IgieNijUMbkDovyoKObU1DUhm1iwNYE/fuifEoEHfd1oZKZDaONBSkal7Y01shxsM49R4XaMdGez3WnF9UfiCQ==",
            "dev": true,
            "requires": {
                "domelementtype": "^1.3.1",
                "domhandler": "^2.3.0",
                "domutils": "^1.5.1",
                "entities": "^1.1.1",
                "inherits": "^2.0.1",
                "readable-stream": "^3.1.1"
            }
        },
        "ieee754": {
            "version": "1.2.1",
            "resolved": "https://registry.npmjs.org/ieee754/-/ieee754-1.2.1.tgz",
            "integrity": "sha512-dcyqhDvX1C46lXZcVqCpK+FtMRQVdIMN6/Df5js2zouUsqG7I6sFxitIC+7KYK29KdXOLHdu9zL4sFnoVQnqaA=="
        },
        "immediate": {
            "version": "3.2.3",
            "resolved": "https://registry.npmjs.org/immediate/-/immediate-3.2.3.tgz",
            "integrity": "sha1-0UD6j2FGWb1lQSMwl92qwlzdmRw="
        },
        "inflight": {
            "version": "1.0.6",
            "resolved": "https://registry.npmjs.org/inflight/-/inflight-1.0.6.tgz",
            "integrity": "sha1-Sb1jMdfQLQwJvJEKEHW6gWW1bfk=",
            "dev": true,
            "requires": {
                "once": "^1.3.0",
                "wrappy": "1"
            }
        },
        "inherits": {
            "version": "2.0.3",
            "resolved": "https://registry.npmjs.org/inherits/-/inherits-2.0.3.tgz",
            "integrity": "sha1-Yzwsg+PaQqUC9SRmAiSA9CCCYd4="
        },
        "is-callable": {
            "version": "1.1.4",
            "resolved": "https://registry.npmjs.org/is-callable/-/is-callable-1.1.4.tgz",
            "integrity": "sha512-r5p9sxJjYnArLjObpjA4xu5EKI3CuKHkJXMhT7kwbpUyIFD1n5PMAsoPvWnvtZiNz7LjkYDRZhd7FlI0eMijEA==",
            "dev": true
        },
        "is-date-object": {
            "version": "1.0.1",
            "resolved": "https://registry.npmjs.org/is-date-object/-/is-date-object-1.0.1.tgz",
            "integrity": "sha1-mqIOtq7rv/d/vTPnTKAbM1gdOhY=",
            "dev": true
        },
        "is-regex": {
            "version": "1.0.4",
            "resolved": "https://registry.npmjs.org/is-regex/-/is-regex-1.0.4.tgz",
            "integrity": "sha1-VRdIm1RwkbCTDglWVM7SXul+lJE=",
            "dev": true,
            "requires": {
                "has": "^1.0.1"
            }
        },
        "is-symbol": {
            "version": "1.0.2",
            "resolved": "https://registry.npmjs.org/is-symbol/-/is-symbol-1.0.2.tgz",
            "integrity": "sha512-HS8bZ9ox60yCJLH9snBpIwv9pYUAkcuLhSA1oero1UB5y9aiQpRA8y2ex945AOtCZL1lJDeIk3G5LthswI46Lw==",
            "dev": true,
            "requires": {
                "has-symbols": "^1.0.0"
            }
        },
        "is-typedarray": {
            "version": "1.0.0",
            "resolved": "https://registry.npmjs.org/is-typedarray/-/is-typedarray-1.0.0.tgz",
            "integrity": "sha1-5HnICFjfDBsR3dppQPlgEfzaSpo="
        },
        "js-tokens": {
            "version": "4.0.0",
            "resolved": "https://registry.npmjs.org/js-tokens/-/js-tokens-4.0.0.tgz",
            "integrity": "sha512-RdJUflcE3cUzKiMqQgsCu06FPu9UdIJO0beYbPhHN4k6apgJtifcoCtT9bcxOpYBtpD2kCM6Sbzg4CausW/PKQ=="
        },
        "json-stringify-safe": {
            "version": "5.0.1",
            "resolved": "https://registry.npmjs.org/json-stringify-safe/-/json-stringify-safe-5.0.1.tgz",
            "integrity": "sha1-Epai1Y/UXxmg9s4B1lcB4sc1tus="
        },
        "level": {
            "version": "5.0.1",
            "resolved": "https://registry.npmjs.org/level/-/level-5.0.1.tgz",
            "integrity": "sha512-wcak5OQeA4rURGacqS62R/xNHjCYnJSQDBOlm4KNUGJVE9bWv2B04TclqReYejN+oD65PzD4FsqeWoI5wNC5Lg==",
            "requires": {
                "level-js": "^4.0.0",
                "level-packager": "^5.0.0",
                "leveldown": "^5.0.0",
                "opencollective-postinstall": "^2.0.0"
            }
        },
        "level-codec": {
            "version": "9.0.2",
            "resolved": "https://registry.npmjs.org/level-codec/-/level-codec-9.0.2.tgz",
            "integrity": "sha512-UyIwNb1lJBChJnGfjmO0OR+ezh2iVu1Kas3nvBS/BzGnx79dv6g7unpKIDNPMhfdTEGoc7mC8uAu51XEtX+FHQ==",
            "requires": {
                "buffer": "^5.6.0"
            }
        },
        "level-concat-iterator": {
            "version": "2.0.1",
            "resolved": "https://registry.npmjs.org/level-concat-iterator/-/level-concat-iterator-2.0.1.tgz",
            "integrity": "sha512-OTKKOqeav2QWcERMJR7IS9CUo1sHnke2C0gkSmcR7QuEtFNLLzHQAvnMw8ykvEcv0Qtkg0p7FOwP1v9e5Smdcw=="
        },
        "level-errors": {
            "version": "2.0.1",
            "resolved": "https://registry.npmjs.org/level-errors/-/level-errors-2.0.1.tgz",
            "integrity": "sha512-UVprBJXite4gPS+3VznfgDSU8PTRuVX0NXwoWW50KLxd2yw4Y1t2JUR5In1itQnudZqRMT9DlAM3Q//9NCjCFw==",
            "requires": {
                "errno": "~0.1.1"
            }
        },
        "level-iterator-stream": {
            "version": "4.0.2",
            "resolved": "https://registry.npmjs.org/level-iterator-stream/-/level-iterator-stream-4.0.2.tgz",
            "integrity": "sha512-ZSthfEqzGSOMWoUGhTXdX9jv26d32XJuHz/5YnuHZzH6wldfWMOVwI9TBtKcya4BKTyTt3XVA0A3cF3q5CY30Q==",
            "requires": {
                "inherits": "^2.0.4",
                "readable-stream": "^3.4.0",
                "xtend": "^4.0.2"
            },
            "dependencies": {
                "inherits": {
                    "version": "2.0.4",
                    "resolved": "https://registry.npmjs.org/inherits/-/inherits-2.0.4.tgz",
                    "integrity": "sha512-k/vGaX4/Yla3WzyMCvTQOXYeIHvqOKtnqBduzTHpzpQZzAskKMhZ2K+EnBiSM9zGSoIFeMpXKxa4dYeZIQqewQ=="
                }
            }
        },
        "level-js": {
            "version": "4.0.2",
            "resolved": "https://registry.npmjs.org/level-js/-/level-js-4.0.2.tgz",
            "integrity": "sha512-PeGjZsyMG4O89KHiez1zoMJxStnkM+oBIqgACjoo5PJqFiSUUm3GNod/KcbqN5ktyZa8jkG7I1T0P2u6HN9lIg==",
            "requires": {
                "abstract-leveldown": "~6.0.1",
                "immediate": "~3.2.3",
                "inherits": "^2.0.3",
                "ltgt": "^2.1.2",
                "typedarray-to-buffer": "~3.1.5"
            }
        },
        "level-packager": {
            "version": "5.1.1",
            "resolved": "https://registry.npmjs.org/level-packager/-/level-packager-5.1.1.tgz",
            "integrity": "sha512-HMwMaQPlTC1IlcwT3+swhqf/NUO+ZhXVz6TY1zZIIZlIR0YSn8GtAAWmIvKjNY16ZkEg/JcpAuQskxsXqC0yOQ==",
            "requires": {
                "encoding-down": "^6.3.0",
                "levelup": "^4.3.2"
            }
        },
        "level-supports": {
            "version": "1.0.1",
            "resolved": "https://registry.npmjs.org/level-supports/-/level-supports-1.0.1.tgz",
            "integrity": "sha512-rXM7GYnW8gsl1vedTJIbzOrRv85c/2uCMpiiCzO2fndd06U/kUXEEU9evYn4zFggBOg36IsBW8LzqIpETwwQzg==",
            "requires": {
                "xtend": "^4.0.2"
            }
        },
        "leveldown": {
            "version": "5.6.0",
            "resolved": "https://registry.npmjs.org/leveldown/-/leveldown-5.6.0.tgz",
            "integrity": "sha512-iB8O/7Db9lPaITU1aA2txU/cBEXAt4vWwKQRrrWuS6XDgbP4QZGj9BL2aNbwb002atoQ/lIotJkfyzz+ygQnUQ==",
            "requires": {
                "abstract-leveldown": "~6.2.1",
                "napi-macros": "~2.0.0",
                "node-gyp-build": "~4.1.0"
            },
            "dependencies": {
                "abstract-leveldown": {
                    "version": "6.2.3",
                    "resolved": "https://registry.npmjs.org/abstract-leveldown/-/abstract-leveldown-6.2.3.tgz",
                    "integrity": "sha512-BsLm5vFMRUrrLeCcRc+G0t2qOaTzpoJQLOubq2XM72eNpjF5UdU5o/5NvlNhx95XHcAvcl8OMXr4mlg/fRgUXQ==",
                    "requires": {
                        "buffer": "^5.5.0",
                        "immediate": "^3.2.3",
                        "level-concat-iterator": "~2.0.0",
                        "level-supports": "~1.0.0",
                        "xtend": "~4.0.0"
                    }
                }
            }
        },
        "levelup": {
            "version": "4.4.0",
            "resolved": "https://registry.npmjs.org/levelup/-/levelup-4.4.0.tgz",
            "integrity": "sha512-94++VFO3qN95cM/d6eBXvd894oJE0w3cInq9USsyQzzoJxmiYzPAocNcuGCPGGjoXqDVJcr3C1jzt1TSjyaiLQ==",
            "requires": {
                "deferred-leveldown": "~5.3.0",
                "level-errors": "~2.0.0",
                "level-iterator-stream": "~4.0.0",
                "level-supports": "~1.0.0",
                "xtend": "~4.0.0"
            }
        },
        "lodash": {
            "version": "4.17.20",
            "resolved": "https://registry.npmjs.org/lodash/-/lodash-4.17.20.tgz",
            "integrity": "sha512-PlhdFcillOINfeV7Ni6oF1TAEayyZBoZ8bcshTHqOYJYlrqzRK5hagpagky5o4HfCzzd1TRkXPMFq6cKk9rGmA==",
            "dev": true
        },
        "lodash.set": {
            "version": "4.3.2",
            "resolved": "https://registry.npmjs.org/lodash.set/-/lodash.set-4.3.2.tgz",
            "integrity": "sha1-2HV7HagH3eJIFrDWqEvqGnYjCyM="
        },
        "loose-envify": {
            "version": "1.4.0",
            "resolved": "https://registry.npmjs.org/loose-envify/-/loose-envify-1.4.0.tgz",
            "integrity": "sha512-lyuxPGr/Wfhrlem2CL/UcnUc1zcqKAImBDzukY7Y5F/yQiNdko6+fRLevlw1HgMySw7f611UIY408EtxRSoK3Q==",
            "requires": {
                "js-tokens": "^3.0.0 || ^4.0.0"
            }
        },
        "ltgt": {
            "version": "2.2.1",
            "resolved": "https://registry.npmjs.org/ltgt/-/ltgt-2.2.1.tgz",
            "integrity": "sha1-81ypHEk/e3PaDgdJUwTxezH4fuU="
        },
        "merge": {
            "version": "1.2.1",
            "resolved": "https://registry.npmjs.org/merge/-/merge-1.2.1.tgz",
            "integrity": "sha512-VjFo4P5Whtj4vsLzsYBu5ayHhoHJ0UqNm7ibvShmbmoz7tGi0vXaoJbGdB+GmDMLUdg8DpQXEIeVDAe8MaABvQ==",
            "dev": true
        },
        "minimatch": {
            "version": "3.0.4",
            "resolved": "https://registry.npmjs.org/minimatch/-/minimatch-3.0.4.tgz",
            "integrity": "sha512-yJHVQEhyqPLUTgt9B83PXu6W3rx4MvvHvSUvToogpwoGDOUQ+yDrR0HRot+yOCdCO7u4hX3pWft6kWBBcqh0UA==",
            "dev": true,
            "requires": {
                "brace-expansion": "^1.1.7"
            }
        },
        "ms": {
            "version": "2.1.2",
            "resolved": "https://registry.npmjs.org/ms/-/ms-2.1.2.tgz",
            "integrity": "sha512-sGkPx+VjMtmA6MX27oA4FBFELFCZZ4S4XqeGOXCv68tT+jb3vk/RyaKWP0PTKyWtmLSM0b+adUTEvbs1PEaH2w=="
        },
        "napi-macros": {
            "version": "2.0.0",
            "resolved": "https://registry.npmjs.org/napi-macros/-/napi-macros-2.0.0.tgz",
            "integrity": "sha512-A0xLykHtARfueITVDernsAWdtIMbOJgKgcluwENp3AlsKN/PloyO10HtmoqnFAQAcxPkgZN7wdfPfEd0zNGxbg=="
        },
        "nock": {
            "version": "13.0.10",
            "resolved": "https://registry.npmjs.org/nock/-/nock-13.0.10.tgz",
            "integrity": "sha512-AvUO/tbiWVBjlC3WsuIutPXltPbPmHWfcLwDSYzykKBJhOeo9eZPczo8n9aV4AHHCgpeL70zBXLwiSE+mzx89g==",
            "requires": {
                "debug": "^4.1.0",
                "json-stringify-safe": "^5.0.1",
                "lodash.set": "^4.3.2",
                "propagate": "^2.0.0"
            }
        },
        "node-fetch": {
            "version": "2.6.1",
            "resolved": "https://registry.npmjs.org/node-fetch/-/node-fetch-2.6.1.tgz",
            "integrity": "sha512-V4aYg89jEoVRxRb2fJdAg8FHvI7cEyYdVAh94HH0UIK8oJxUfkjlDQN9RbMx+bEjP7+ggMiFRprSti032Oipxw=="
        },
        "node-gyp-build": {
            "version": "4.1.1",
            "resolved": "https://registry.npmjs.org/node-gyp-build/-/node-gyp-build-4.1.1.tgz",
            "integrity": "sha512-dSq1xmcPDKPZ2EED2S6zw/b9NKsqzXRE6dVr8TVQnI3FJOTteUMuqF3Qqs6LZg+mLGYJWqQzMbIjMtJqTv87nQ=="
        },
        "nth-check": {
            "version": "1.0.2",
            "resolved": "https://registry.npmjs.org/nth-check/-/nth-check-1.0.2.tgz",
            "integrity": "sha512-WeBOdju8SnzPN5vTUJYxYUxLeXpCaVP5i5e0LF8fg7WORF2Wd7wFX/pk0tYZk7s8T+J7VLy0Da6J1+wCT0AtHg==",
            "dev": true,
            "requires": {
                "boolbase": "~1.0.0"
            }
        },
        "object-assign": {
            "version": "4.1.1",
            "resolved": "https://registry.npmjs.org/object-assign/-/object-assign-4.1.1.tgz",
            "integrity": "sha1-IQmtx5ZYh8/AXLvUQsrIv7s2CGM=",
            "dev": true
        },
        "object-inspect": {
            "version": "1.6.0",
            "resolved": "https://registry.npmjs.org/object-inspect/-/object-inspect-1.6.0.tgz",
            "integrity": "sha512-GJzfBZ6DgDAmnuaM3104jR4s1Myxr3Y3zfIyN4z3UdqN69oSRacNK8UhnobDdC+7J2AHCjGwxQubNJfE70SXXQ==",
            "dev": true
        },
        "object-keys": {
            "version": "1.1.1",
            "resolved": "https://registry.npmjs.org/object-keys/-/object-keys-1.1.1.tgz",
            "integrity": "sha512-NuAESUOUMrlIXOfHKzD6bpPu3tYt3xvjNdRIQ+FeT0lNb4K8WR70CaDxhuNguS2XG+GjkyMwOzsN5ZktImfhLA==",
            "dev": true
        },
        "once": {
            "version": "1.4.0",
            "resolved": "https://registry.npmjs.org/once/-/once-1.4.0.tgz",
            "integrity": "sha1-WDsap3WWHUsROsF9nFC6753Xa9E=",
            "dev": true,
            "requires": {
                "wrappy": "1"
            }
        },
        "opencollective-postinstall": {
            "version": "2.0.3",
            "resolved": "https://registry.npmjs.org/opencollective-postinstall/-/opencollective-postinstall-2.0.3.tgz",
            "integrity": "sha512-8AV/sCtuzUeTo8gQK5qDZzARrulB3egtLzFgteqB2tcT4Mw7B8Kt7JcDHmltjz6FOAHsvTevk70gZEbhM4ZS9Q=="
        },
        "parse5": {
            "version": "3.0.3",
            "resolved": "https://registry.npmjs.org/parse5/-/parse5-3.0.3.tgz",
            "integrity": "sha512-rgO9Zg5LLLkfJF9E6CCmXlSE4UVceloys8JrFqCcHloC3usd/kJCyPDwH2SOlzix2j3xaP9sUX3e8+kvkuleAA==",
            "dev": true,
            "requires": {
                "@types/node": "*"
            }
        },
        "path-is-absolute": {
            "version": "1.0.1",
            "resolved": "https://registry.npmjs.org/path-is-absolute/-/path-is-absolute-1.0.1.tgz",
            "integrity": "sha1-F0uSaHNVNP+8es5r9TpanhtcX18=",
            "dev": true
        },
        "path-parse": {
            "version": "1.0.6",
            "resolved": "https://registry.npmjs.org/path-parse/-/path-parse-1.0.6.tgz",
            "integrity": "sha512-GSmOT2EbHrINBf9SR7CDELwlJ8AENk3Qn7OikK4nFYAu3Ote2+JYNVvkpAEQm3/TLNEJFD/xZJjzyxg3KBWOzw==",
            "dev": true
        },
        "prop-types": {
            "version": "15.7.2",
            "resolved": "https://registry.npmjs.org/prop-types/-/prop-types-15.7.2.tgz",
            "integrity": "sha512-8QQikdH7//R2vurIJSutZ1smHYTcLpRWEOlHnzcWHmBYrOGUysKwSsrC89BCiFj3CbrfJ/nXFdJepOVrY1GCHQ==",
            "dev": true,
            "requires": {
                "loose-envify": "^1.4.0",
                "object-assign": "^4.1.1",
                "react-is": "^16.8.1"
            }
        },
        "propagate": {
            "version": "2.0.1",
            "resolved": "https://registry.npmjs.org/propagate/-/propagate-2.0.1.tgz",
            "integrity": "sha512-vGrhOavPSTz4QVNuBNdcNXePNdNMaO1xj9yBeH1ScQPjk/rhg9sSlCXPhMkFuaNNW/syTvYqsnbIJxMBfRbbag=="
        },
        "prr": {
            "version": "1.0.1",
            "resolved": "https://registry.npmjs.org/prr/-/prr-1.0.1.tgz",
            "integrity": "sha1-0/wRS6BplaRexok/SEzrHXj19HY="
        },
        "querystringify": {
            "version": "2.2.0",
            "resolved": "https://registry.npmjs.org/querystringify/-/querystringify-2.2.0.tgz",
            "integrity": "sha512-FIqgj2EUvTa7R50u0rGsyTftzjYmv/a3hO345bZNrqabNqjtgiDMgmo4mkUjd+nzU5oF3dClKqFIPUKybUyqoQ=="
        },
        "react-dom": {
            "version": "16.8.3",
            "resolved": "https://registry.npmjs.org/react-dom/-/react-dom-16.8.3.tgz",
            "integrity": "sha512-ttMem9yJL4/lpItZAQ2NTFAbV7frotHk5DZEHXUOws2rMmrsvh1Na7ThGT0dTzUIl6pqTOi5tYREfL8AEna3lA==",
            "dev": true,
            "requires": {
                "loose-envify": "^1.1.0",
                "object-assign": "^4.1.1",
                "prop-types": "^15.6.2",
                "scheduler": "^0.13.3"
            }
        },
        "react-is": {
            "version": "16.8.6",
            "resolved": "https://registry.npmjs.org/react-is/-/react-is-16.8.6.tgz",
            "integrity": "sha512-aUk3bHfZ2bRSVFFbbeVS4i+lNPZr3/WM5jT2J5omUVV1zzcs1nAaf3l51ctA5FFvCRbhrH0bdAsRRQddFJZPtA==",
            "dev": true
        },
        "readable-stream": {
            "version": "3.4.0",
            "resolved": "https://registry.npmjs.org/readable-stream/-/readable-stream-3.4.0.tgz",
            "integrity": "sha512-jItXPLmrSR8jmTRmRWJXCnGJsfy85mB3Wd/uINMXA65yrnFo0cPClFIUWzo2najVNSl+mx7/4W8ttlLWJe99pQ==",
            "requires": {
                "inherits": "^2.0.3",
                "string_decoder": "^1.1.1",
                "util-deprecate": "^1.0.1"
            }
        },
        "requires-port": {
            "version": "1.0.0",
            "resolved": "https://registry.npmjs.org/requires-port/-/requires-port-1.0.0.tgz",
            "integrity": "sha1-kl0mAdOaxIXgkc8NpcbmlNw9yv8="
        },
        "resolve": {
            "version": "1.10.1",
            "resolved": "https://registry.npmjs.org/resolve/-/resolve-1.10.1.tgz",
            "integrity": "sha512-KuIe4mf++td/eFb6wkaPbMDnP6kObCaEtIDuHOUED6MNUo4K670KZUHuuvYPZDxNF0WVLw49n06M2m2dXphEzA==",
            "dev": true,
            "requires": {
                "path-parse": "^1.0.6"
            }
        },
        "resumer": {
            "version": "0.0.0",
            "resolved": "https://registry.npmjs.org/resumer/-/resumer-0.0.0.tgz",
            "integrity": "sha1-8ej0YeQGS6Oegq883CqMiT0HZ1k=",
            "dev": true,
            "requires": {
                "through": "~2.3.4"
            }
        },
        "riteway": {
            "version": "6.0.3",
            "resolved": "https://registry.npmjs.org/riteway/-/riteway-6.0.3.tgz",
            "integrity": "sha512-7qsMDqJ8eNZNcVYmh021qrDXc4nX50Vf3t6x8GdIwHEXTI6z/Wy2ZFX6z62Qk5PkRnYDICJxcbLVyMbos04eDQ==",
            "dev": true,
            "requires": {
                "cheerio": "1.0.0-rc.2",
                "esm": "3.2.8",
                "react-dom": "16.8.3",
                "tape": "4.10.1"
            }
        },
        "safe-buffer": {
            "version": "5.1.2",
            "resolved": "https://registry.npmjs.org/safe-buffer/-/safe-buffer-5.1.2.tgz",
            "integrity": "sha512-Gd2UZBJDkXlY7GbJxfsE8/nvKkUEU1G38c1siN6QP6a9PT9MmHB8GnpscSmMJSoF8LOIrt8ud/wPtojys4G6+g=="
        },
        "scheduler": {
            "version": "0.13.6",
            "resolved": "https://registry.npmjs.org/scheduler/-/scheduler-0.13.6.tgz",
            "integrity": "sha512-IWnObHt413ucAYKsD9J1QShUKkbKLQQHdxRyw73sw4FN26iWr3DY/H34xGPe4nmL1DwXyWmSWmMrA9TfQbE/XQ==",
            "dev": true,
            "requires": {
                "loose-envify": "^1.1.0",
                "object-assign": "^4.1.1"
            }
        },
        "string.prototype.trim": {
            "version": "1.1.2",
            "resolved": "https://registry.npmjs.org/string.prototype.trim/-/string.prototype.trim-1.1.2.tgz",
            "integrity": "sha1-0E3iyJ4Tf019IG8Ia17S+ua+jOo=",
            "dev": true,
            "requires": {
                "define-properties": "^1.1.2",
                "es-abstract": "^1.5.0",
                "function-bind": "^1.0.2"
            }
        },
        "string_decoder": {
            "version": "1.2.0",
            "resolved": "https://registry.npmjs.org/string_decoder/-/string_decoder-1.2.0.tgz",
            "integrity": "sha512-6YqyX6ZWEYguAxgZzHGL7SsCeGx3V2TtOTqZz1xSTSWnqsbWwbptafNyvf/ACquZUXV3DANr5BDIwNYe1mN42w==",
            "requires": {
                "safe-buffer": "~5.1.0"
            }
        },
        "tape": {
            "version": "4.10.1",
            "resolved": "https://registry.npmjs.org/tape/-/tape-4.10.1.tgz",
            "integrity": "sha512-G0DywYV1jQeY3axeYnXUOt6ktnxS9OPJh97FGR3nrua8lhWi1zPflLxcAHavZ7Jf3qUfY7cxcVIVFa4mY2IY1w==",
            "dev": true,
            "requires": {
                "deep-equal": "~1.0.1",
                "defined": "~1.0.0",
                "for-each": "~0.3.3",
                "function-bind": "~1.1.1",
                "glob": "~7.1.3",
                "has": "~1.0.3",
                "inherits": "~2.0.3",
                "minimist": "~1.2.0",
                "object-inspect": "~1.6.0",
                "resolve": "~1.10.0",
                "resumer": "~0.0.0",
                "string.prototype.trim": "~1.1.2",
                "through": "~2.3.8"
            },
            "dependencies": {
                "minimist": {
                    "version": "1.2.0",
                    "resolved": "https://registry.npmjs.org/minimist/-/minimist-1.2.0.tgz",
                    "integrity": "sha1-o1AIsg9BOD7sH7kU9M1d95omQoQ=",
                    "dev": true
                }
            }
        },
        "through": {
            "version": "2.3.8",
            "resolved": "https://registry.npmjs.org/through/-/through-2.3.8.tgz",
            "integrity": "sha1-DdTJ/6q8NXlgsbckEV1+Doai4fU=",
            "dev": true
        },
        "typedarray-to-buffer": {
            "version": "3.1.5",
            "resolved": "https://registry.npmjs.org/typedarray-to-buffer/-/typedarray-to-buffer-3.1.5.tgz",
            "integrity": "sha512-zdu8XMNEDepKKR+XYOXAVPtWui0ly0NtohUscw+UmaHiAWT8hrV1rr//H6V+0DvJ3OQ19S979M0laLfX8rm82Q==",
            "requires": {
                "is-typedarray": "^1.0.0"
            }
        },
        "url-parse": {
            "version": "1.5.1",
            "resolved": "https://registry.npmjs.org/url-parse/-/url-parse-1.5.1.tgz",
            "integrity": "sha512-HOfCOUJt7iSYzEx/UqgtwKRMC6EU91NFhsCHMv9oM03VJcVo2Qrp8T8kI9D7amFf1cu+/3CEhgb3rF9zL7k85Q==",
            "requires": {
                "querystringify": "^2.1.1",
                "requires-port": "^1.0.0"
            }
        },
        "util-deprecate": {
            "version": "1.0.2",
            "resolved": "https://registry.npmjs.org/util-deprecate/-/util-deprecate-1.0.2.tgz",
            "integrity": "sha1-RQ1Nyfpw3nMnYvvS1KKJgUGaDM8="
        },
        "warning": {
            "version": "4.0.3",
            "resolved": "https://registry.npmjs.org/warning/-/warning-4.0.3.tgz",
            "integrity": "sha512-rpJyN222KWIvHJ/F53XSZv0Zl/accqHR8et1kpaMTD/fLCRxtV8iX8czMzY7sVZupTI3zcUTg8eycS2kNF9l6w==",
            "requires": {
                "loose-envify": "^1.0.0"
            }
        },
        "watch": {
            "version": "1.0.2",
            "resolved": "https://registry.npmjs.org/watch/-/watch-1.0.2.tgz",
            "integrity": "sha1-NApxe952Vyb6CqB9ch4BR6VR3ww=",
            "dev": true,
            "requires": {
                "exec-sh": "^0.2.0",
                "minimist": "^1.2.0"
            },
            "dependencies": {
                "minimist": {
                    "version": "1.2.0",
                    "resolved": "https://registry.npmjs.org/minimist/-/minimist-1.2.0.tgz",
                    "integrity": "sha1-o1AIsg9BOD7sH7kU9M1d95omQoQ=",
                    "dev": true
                }
            }
        },
        "wrappy": {
            "version": "1.0.2",
            "resolved": "https://registry.npmjs.org/wrappy/-/wrappy-1.0.2.tgz",
            "integrity": "sha1-tSQ9jz7BqjXxNkYFvA0QNuMKtp8=",
            "dev": true
        },
        "xtend": {
            "version": "4.0.2",
            "resolved": "https://registry.npmjs.org/xtend/-/xtend-4.0.2.tgz",
            "integrity": "sha512-LKYU1iAXJXUgAXn9URjiu+MWhyUXHsvfp7mcuYm9dSUKK0/CjtrUwFAxD82/mCWbtLsGjFIad0wIsod4zrTAEQ=="
        }
    }
}
