{
    "name": "@iota/checksum",
    "version": "1.0.0-beta.11",
    "lockfileVersion": 1,
    "requires": true,
    "dependencies": {
        "@iota/converter": {
            "version": "1.0.0-beta.11",
            "requires": {
                "@iota/curl": "1.0.0-beta.11"
            },
            "dependencies": {
                "@iota/curl": {
                    "version": "1.0.0-beta.11",
                    "bundled": true
                }
            }
        },
        "@iota/kerl": {
            "version": "1.0.0-beta.11",
            "requires": {
                "@iota/curl": "1.0.0-beta.11",
                "@types/crypto-js": "^3.1.38",
                "crypto-js": "^3.1.9-1"
            },
            "dependencies": {
                "@iota/converter": {
                    "bundled": true,
                    "requires": {
                        "@iota/curl": "1.0.0-beta.11"
                    },
                    "dependencies": {
                        "@iota/curl": {
                            "version": "1.0.0-beta.11",
                            "bundled": true
                        }
                    }
                },
                "@iota/curl": {
                    "version": "1.0.0-beta.11",
                    "bundled": true
                },
                "@types/crypto-js": {
                    "version": "3.1.41",
                    "bundled": true
                },
                "crypto-js": {
                    "version": "3.1.9-1",
                    "bundled": true
                }
            }
        },
        "@iota/samples": {
            "version": "1.0.0-beta.11",
            "dev": true,
            "requires": {
                "@iota/curl": "1.0.0-beta.11"
            },
            "dependencies": {
                "@iota/curl": {
                    "version": "1.0.0-beta.11",
                    "bundled": true,
                    "dev": true
                }
            }
        }
    }
}
